// !$*UTF8*$!
{
	archiveVersion = 1;
	classes = {
	};
	objectVersion = 46;
	objects = {

/* Begin PBXBuildFile section */
		5B0BF3481E934CAC00CEC320 /* main.m in Sources */ = {isa = PBXBuildFile; fileRef = 5B0BF3471E934CAC00CEC320 /* main.m */; };
		5B0BF34B1E934CAC00CEC320 /* AppDelegate.m in Sources */ = {isa = PBXBuildFile; fileRef = 5B0BF34A1E934CAC00CEC320 /* AppDelegate.m */; };
		5B0BF34E1E934CAC00CEC320 /* ViewController.m in Sources */ = {isa = PBXBuildFile; fileRef = 5B0BF34D1E934CAC00CEC320 /* ViewController.m */; };
		5B0BF3511E934CAC00CEC320 /* Main.storyboard in Resources */ = {isa = PBXBuildFile; fileRef = 5B0BF34F1E934CAC00CEC320 /* Main.storyboard */; };
		5B0BF3561E934CAC00CEC320 /* LaunchScreen.storyboard in Resources */ = {isa = PBXBuildFile; fileRef = 5B0BF3541E934CAC00CEC320 /* LaunchScreen.storyboard */; };
		5B0BF3611E934CAC00CEC320 /* jiuzhoucaipiaoTests.m in Sources */ = {isa = PBXBuildFile; fileRef = 5B0BF3601E934CAC00CEC320 /* jiuzhoucaipiaoTests.m */; };
		5B0BF36C1E934CAC00CEC320 /* jiuzhoucaipiaoUITests.m in Sources */ = {isa = PBXBuildFile; fileRef = 5B0BF36B1E934CAC00CEC320 /* jiuzhoucaipiaoUITests.m */; };
		5B0BF37E1E93516500CEC320 /* MARJiuzhouWebViewController.m in Sources */ = {isa = PBXBuildFile; fileRef = 5B0BF37D1E93516500CEC320 /* MARJiuzhouWebViewController.m */; };
		5B0BF3841E93620C00CEC320 /* MARDebug.m in Sources */ = {isa = PBXBuildFile; fileRef = 5B0BF3831E93620C00CEC320 /* MARDebug.m */; };
		5B0BF3901E93D5EB00CEC320 /* MARLeftMenuViewController.m in Sources */ = {isa = PBXBuildFile; fileRef = 5B0BF38F1E93D5EB00CEC320 /* MARLeftMenuViewController.m */; };
		5B0BF3931E93D64000CEC320 /* MARMainViewController.m in Sources */ = {isa = PBXBuildFile; fileRef = 5B0BF3921E93D64000CEC320 /* MARMainViewController.m */; };
		5B0BF3971E93D6A100CEC320 /* UIViewController+MAREX.m in Sources */ = {isa = PBXBuildFile; fileRef = 5B0BF3961E93D6A100CEC320 /* UIViewController+MAREX.m */; };
		5B0BF39A1E93D78B00CEC320 /* MARConstant.m in Sources */ = {isa = PBXBuildFile; fileRef = 5B0BF3991E93D78B00CEC320 /* MARConstant.m */; };
		5B0BF39E1E93D86800CEC320 /* MARAboutViewController.m in Sources */ = {isa = PBXBuildFile; fileRef = 5B0BF39D1E93D86800CEC320 /* MARAboutViewController.m */; };
		5B0BF3A21E93DAFA00CEC320 /* MARBaseViewController.m in Sources */ = {isa = PBXBuildFile; fileRef = 5B0BF3A11E93DAFA00CEC320 /* MARBaseViewController.m */; };
		5B0BF3A91E93F8E100CEC320 /* MARGlobalManager.m in Sources */ = {isa = PBXBuildFile; fileRef = 5B0BF3A81E93F8E100CEC320 /* MARGlobalManager.m */; };
		5B0BF3AC1E93FE1600CEC320 /* UINavigationController+MAREX.m in Sources */ = {isa = PBXBuildFile; fileRef = 5B0BF3AB1E93FE1600CEC320 /* UINavigationController+MAREX.m */; };
		5B0BF3AF1E9402D800CEC320 /* UINavigationBar+MAREX.m in Sources */ = {isa = PBXBuildFile; fileRef = 5B0BF3AE1E9402D800CEC320 /* UINavigationBar+MAREX.m */; };
		5B0BF3B21E94035500CEC320 /* UINavigationItem+MAREX.m in Sources */ = {isa = PBXBuildFile; fileRef = 5B0BF3B11E94035500CEC320 /* UINavigationItem+MAREX.m */; };
		5B2038D31E952A6B003A9E96 /* SVProgressHUD+MAREX.m in Sources */ = {isa = PBXBuildFile; fileRef = 5B2038D21E952A6B003A9E96 /* SVProgressHUD+MAREX.m */; };
		5B2038D61E952C6E003A9E96 /* MARAppDelegate.m in Sources */ = {isa = PBXBuildFile; fileRef = 5B2038D51E952C6E003A9E96 /* MARAppDelegate.m */; };
		5B203FDB1E967794003A9E96 /* Assets.xcassets in Resources */ = {isa = PBXBuildFile; fileRef = 5B203FDA1E967794003A9E96 /* Assets.xcassets */; };
		5B416D051E9CA8EC009D1870 /* MARCustomMadeModel.m in Sources */ = {isa = PBXBuildFile; fileRef = 5B416D041E9CA8EC009D1870 /* MARCustomMadeModel.m */; };
		5B416D081E9D2181009D1870 /* MARJiGuangNoticeModel.m in Sources */ = {isa = PBXBuildFile; fileRef = 5B416D071E9D2181009D1870 /* MARJiGuangNoticeModel.m */; };
		5BB8A3311E97B55E00D9CBC3 /* images.xcassets in Resources */ = {isa = PBXBuildFile; fileRef = 5BB8A3301E97B55E00D9CBC3 /* images.xcassets */; };
		5BFBB4841E98C137007CC96B /* MARMainPageViewController.m in Sources */ = {isa = PBXBuildFile; fileRef = 5BFBB4821E98C137007CC96B /* MARMainPageViewController.m */; };
		5BFBB4871E98C1AF007CC96B /* MainPage.storyboard in Resources */ = {isa = PBXBuildFile; fileRef = 5BFBB4861E98C1AF007CC96B /* MainPage.storyboard */; };
		5BFBB48B1E98C3A0007CC96B /* MARMenuCollectionCell.m in Sources */ = {isa = PBXBuildFile; fileRef = 5BFBB48A1E98C3A0007CC96B /* MARMenuCollectionCell.m */; };
		5BFBB48E1E98D314007CC96B /* MARSimpleIntroduceViewController.m in Sources */ = {isa = PBXBuildFile; fileRef = 5BFBB48D1E98D314007CC96B /* MARSimpleIntroduceViewController.m */; };
		5BFBB4921E98D930007CC96B /* simpleintroduce.plist in Resources */ = {isa = PBXBuildFile; fileRef = 5BFBB4911E98D930007CC96B /* simpleintroduce.plist */; };
		5BFBB4981E9905BB007CC96B /* MARBaseDBModel.m in Sources */ = {isa = PBXBuildFile; fileRef = 5BFBB4971E9905BB007CC96B /* MARBaseDBModel.m */; };
		5BFBB49C1E990641007CC96B /* MARMessageModel.m in Sources */ = {isa = PBXBuildFile; fileRef = 5BFBB49B1E990641007CC96B /* MARMessageModel.m */; };
		5BFBB4A01E990858007CC96B /* MARBmobHelper.m in Sources */ = {isa = PBXBuildFile; fileRef = 5BFBB49F1E990858007CC96B /* MARBmobHelper.m */; };
		5BFBB4A31E990F51007CC96B /* UIDevice+MAREX.m in Sources */ = {isa = PBXBuildFile; fileRef = 5BFBB4A21E990F51007CC96B /* UIDevice+MAREX.m */; };
		5BFBB4A61E991327007CC96B /* NSString+MAREX.m in Sources */ = {isa = PBXBuildFile; fileRef = 5BFBB4A51E991327007CC96B /* NSString+MAREX.m */; };
		5BFBB4A91E991E22007CC96B /* MARMessageListViewController.m in Sources */ = {isa = PBXBuildFile; fileRef = 5BFBB4A81E991E22007CC96B /* MARMessageListViewController.m */; };
		5BFBB4B01E994F21007CC96B /* MARUserDefault.m in Sources */ = {isa = PBXBuildFile; fileRef = 5BFBB4AF1E994F21007CC96B /* MARUserDefault.m */; };
		5BFBB4B61E994F91007CC96B /* MXRClassInfo.m in Sources */ = {isa = PBXBuildFile; fileRef = 5BFBB4B31E994F91007CC96B /* MXRClassInfo.m */; };
		5BFBB4B71E994F91007CC96B /* NSObject+MXRModel.m in Sources */ = {isa = PBXBuildFile; fileRef = 5BFBB4B51E994F91007CC96B /* NSObject+MXRModel.m */; };
		5BFBB4BD1E996665007CC96B /* MARMapViewController.m in Sources */ = {isa = PBXBuildFile; fileRef = 5BFBB4BC1E996665007CC96B /* MARMapViewController.m */; };
		5BFBB4C11E996694007CC96B /* BMKMapView+MAREX.m in Sources */ = {isa = PBXBuildFile; fileRef = 5BFBB4C01E996694007CC96B /* BMKMapView+MAREX.m */; };
		8AC87E9475B501A0C61D834E /* libPods-jiuzhoucaipiao.a in Frameworks */ = {isa = PBXBuildFile; fileRef = B0B3AEAB7AF3C404F33D0B83 /* libPods-jiuzhoucaipiao.a */; };
/* End PBXBuildFile section */

/* Begin PBXContainerItemProxy section */
		5B0BF35D1E934CAC00CEC320 /* PBXContainerItemProxy */ = {
			isa = PBXContainerItemProxy;
			containerPortal = 5B0BF33B1E934CAB00CEC320 /* Project object */;
			proxyType = 1;
			remoteGlobalIDString = 5B0BF3421E934CAB00CEC320;
			remoteInfo = jiuzhoucaipiao;
		};
		5B0BF3681E934CAC00CEC320 /* PBXContainerItemProxy */ = {
			isa = PBXContainerItemProxy;
			containerPortal = 5B0BF33B1E934CAB00CEC320 /* Project object */;
			proxyType = 1;
			remoteGlobalIDString = 5B0BF3421E934CAB00CEC320;
			remoteInfo = jiuzhoucaipiao;
		};
/* End PBXContainerItemProxy section */

/* Begin PBXFileReference section */
		0E8C556D7D311043B28DF30D /* Pods-jiuzhoucaipiao.release.xcconfig */ = {isa = PBXFileReference; includeInIndex = 1; lastKnownFileType = text.xcconfig; name = "Pods-jiuzhoucaipiao.release.xcconfig"; path = "Pods/Target Support Files/Pods-jiuzhoucaipiao/Pods-jiuzhoucaipiao.release.xcconfig"; sourceTree = "<group>"; };
		5B0BF3431E934CAC00CEC320 /* jiuzhoucaipiao.app */ = {isa = PBXFileReference; explicitFileType = wrapper.application; includeInIndex = 0; path = jiuzhoucaipiao.app; sourceTree = BUILT_PRODUCTS_DIR; };
		5B0BF3471E934CAC00CEC320 /* main.m */ = {isa = PBXFileReference; lastKnownFileType = sourcecode.c.objc; path = main.m; sourceTree = "<group>"; };
		5B0BF3491E934CAC00CEC320 /* AppDelegate.h */ = {isa = PBXFileReference; lastKnownFileType = sourcecode.c.h; path = AppDelegate.h; sourceTree = "<group>"; };
		5B0BF34A1E934CAC00CEC320 /* AppDelegate.m */ = {isa = PBXFileReference; lastKnownFileType = sourcecode.c.objc; path = AppDelegate.m; sourceTree = "<group>"; };
		5B0BF34C1E934CAC00CEC320 /* ViewController.h */ = {isa = PBXFileReference; lastKnownFileType = sourcecode.c.h; path = ViewController.h; sourceTree = "<group>"; };
		5B0BF34D1E934CAC00CEC320 /* ViewController.m */ = {isa = PBXFileReference; lastKnownFileType = sourcecode.c.objc; path = ViewController.m; sourceTree = "<group>"; };
		5B0BF3501E934CAC00CEC320 /* Base */ = {isa = PBXFileReference; lastKnownFileType = file.storyboard; name = Base; path = Base.lproj/Main.storyboard; sourceTree = "<group>"; };
		5B0BF3551E934CAC00CEC320 /* Base */ = {isa = PBXFileReference; lastKnownFileType = file.storyboard; name = Base; path = Base.lproj/LaunchScreen.storyboard; sourceTree = "<group>"; };
		5B0BF3571E934CAC00CEC320 /* Info.plist */ = {isa = PBXFileReference; lastKnownFileType = text.plist.xml; path = Info.plist; sourceTree = "<group>"; };
		5B0BF35C1E934CAC00CEC320 /* jiuzhoucaipiaoTests.xctest */ = {isa = PBXFileReference; explicitFileType = wrapper.cfbundle; includeInIndex = 0; path = jiuzhoucaipiaoTests.xctest; sourceTree = BUILT_PRODUCTS_DIR; };
		5B0BF3601E934CAC00CEC320 /* jiuzhoucaipiaoTests.m */ = {isa = PBXFileReference; lastKnownFileType = sourcecode.c.objc; path = jiuzhoucaipiaoTests.m; sourceTree = "<group>"; };
		5B0BF3621E934CAC00CEC320 /* Info.plist */ = {isa = PBXFileReference; lastKnownFileType = text.plist.xml; path = Info.plist; sourceTree = "<group>"; };
		5B0BF3671E934CAC00CEC320 /* jiuzhoucaipiaoUITests.xctest */ = {isa = PBXFileReference; explicitFileType = wrapper.cfbundle; includeInIndex = 0; path = jiuzhoucaipiaoUITests.xctest; sourceTree = BUILT_PRODUCTS_DIR; };
		5B0BF36B1E934CAC00CEC320 /* jiuzhoucaipiaoUITests.m */ = {isa = PBXFileReference; lastKnownFileType = sourcecode.c.objc; path = jiuzhoucaipiaoUITests.m; sourceTree = "<group>"; };
		5B0BF36D1E934CAC00CEC320 /* Info.plist */ = {isa = PBXFileReference; lastKnownFileType = text.plist.xml; path = Info.plist; sourceTree = "<group>"; };
		5B0BF37C1E93516500CEC320 /* MARJiuzhouWebViewController.h */ = {isa = PBXFileReference; fileEncoding = 4; lastKnownFileType = sourcecode.c.h; path = MARJiuzhouWebViewController.h; sourceTree = "<group>"; };
		5B0BF37D1E93516500CEC320 /* MARJiuzhouWebViewController.m */ = {isa = PBXFileReference; fileEncoding = 4; lastKnownFileType = sourcecode.c.objc; path = MARJiuzhouWebViewController.m; sourceTree = "<group>"; };
		5B0BF37F1E9355CE00CEC320 /* jiuzhoucaipiao-Prefix.pch */ = {isa = PBXFileReference; fileEncoding = 4; lastKnownFileType = sourcecode.c.h; path = "jiuzhoucaipiao-Prefix.pch"; sourceTree = "<group>"; };
		5B0BF3821E93620C00CEC320 /* MARDebug.h */ = {isa = PBXFileReference; fileEncoding = 4; lastKnownFileType = sourcecode.c.h; path = MARDebug.h; sourceTree = "<group>"; };
		5B0BF3831E93620C00CEC320 /* MARDebug.m */ = {isa = PBXFileReference; fileEncoding = 4; lastKnownFileType = sourcecode.c.objc; path = MARDebug.m; sourceTree = "<group>"; };
		5B0BF3861E93631700CEC320 /* MARMacro.h */ = {isa = PBXFileReference; fileEncoding = 4; lastKnownFileType = sourcecode.c.h; path = MARMacro.h; sourceTree = "<group>"; };
		5B0BF3871E937BFE00CEC320 /* jiuzhoucaipiao.entitlements */ = {isa = PBXFileReference; lastKnownFileType = text.plist.entitlements; path = jiuzhoucaipiao.entitlements; sourceTree = "<group>"; };
		5B0BF3891E93D04200CEC320 /* css.h */ = {isa = PBXFileReference; fileEncoding = 4; lastKnownFileType = sourcecode.c.h; path = css.h; sourceTree = "<group>"; };
		5B0BF38E1E93D5EB00CEC320 /* MARLeftMenuViewController.h */ = {isa = PBXFileReference; fileEncoding = 4; lastKnownFileType = sourcecode.c.h; path = MARLeftMenuViewController.h; sourceTree = "<group>"; };
		5B0BF38F1E93D5EB00CEC320 /* MARLeftMenuViewController.m */ = {isa = PBXFileReference; fileEncoding = 4; lastKnownFileType = sourcecode.c.objc; path = MARLeftMenuViewController.m; sourceTree = "<group>"; };
		5B0BF3911E93D64000CEC320 /* MARMainViewController.h */ = {isa = PBXFileReference; fileEncoding = 4; lastKnownFileType = sourcecode.c.h; path = MARMainViewController.h; sourceTree = "<group>"; };
		5B0BF3921E93D64000CEC320 /* MARMainViewController.m */ = {isa = PBXFileReference; fileEncoding = 4; lastKnownFileType = sourcecode.c.objc; path = MARMainViewController.m; sourceTree = "<group>"; };
		5B0BF3951E93D6A100CEC320 /* UIViewController+MAREX.h */ = {isa = PBXFileReference; fileEncoding = 4; lastKnownFileType = sourcecode.c.h; path = "UIViewController+MAREX.h"; sourceTree = "<group>"; };
		5B0BF3961E93D6A100CEC320 /* UIViewController+MAREX.m */ = {isa = PBXFileReference; fileEncoding = 4; lastKnownFileType = sourcecode.c.objc; path = "UIViewController+MAREX.m"; sourceTree = "<group>"; };
		5B0BF3981E93D78B00CEC320 /* MARConstant.h */ = {isa = PBXFileReference; fileEncoding = 4; lastKnownFileType = sourcecode.c.h; path = MARConstant.h; sourceTree = "<group>"; };
		5B0BF3991E93D78B00CEC320 /* MARConstant.m */ = {isa = PBXFileReference; fileEncoding = 4; lastKnownFileType = sourcecode.c.objc; path = MARConstant.m; sourceTree = "<group>"; };
		5B0BF39C1E93D86800CEC320 /* MARAboutViewController.h */ = {isa = PBXFileReference; fileEncoding = 4; lastKnownFileType = sourcecode.c.h; path = MARAboutViewController.h; sourceTree = "<group>"; };
		5B0BF39D1E93D86800CEC320 /* MARAboutViewController.m */ = {isa = PBXFileReference; fileEncoding = 4; lastKnownFileType = sourcecode.c.objc; path = MARAboutViewController.m; sourceTree = "<group>"; };
		5B0BF3A01E93DAFA00CEC320 /* MARBaseViewController.h */ = {isa = PBXFileReference; fileEncoding = 4; lastKnownFileType = sourcecode.c.h; path = MARBaseViewController.h; sourceTree = "<group>"; };
		5B0BF3A11E93DAFA00CEC320 /* MARBaseViewController.m */ = {isa = PBXFileReference; fileEncoding = 4; lastKnownFileType = sourcecode.c.objc; path = MARBaseViewController.m; sourceTree = "<group>"; };
		5B0BF3A31E93DB7B00CEC320 /* NotificationMacro.h */ = {isa = PBXFileReference; fileEncoding = 4; lastKnownFileType = sourcecode.c.h; path = NotificationMacro.h; sourceTree = "<group>"; };
		5B0BF3A41E93DCDA00CEC320 /* MARcategories.h */ = {isa = PBXFileReference; lastKnownFileType = sourcecode.c.h; path = MARcategories.h; sourceTree = "<group>"; };
		5B0BF3A71E93F8E100CEC320 /* MARGlobalManager.h */ = {isa = PBXFileReference; fileEncoding = 4; lastKnownFileType = sourcecode.c.h; path = MARGlobalManager.h; sourceTree = "<group>"; };
		5B0BF3A81E93F8E100CEC320 /* MARGlobalManager.m */ = {isa = PBXFileReference; fileEncoding = 4; lastKnownFileType = sourcecode.c.objc; path = MARGlobalManager.m; sourceTree = "<group>"; };
		5B0BF3AA1E93FE1600CEC320 /* UINavigationController+MAREX.h */ = {isa = PBXFileReference; fileEncoding = 4; lastKnownFileType = sourcecode.c.h; path = "UINavigationController+MAREX.h"; sourceTree = "<group>"; };
		5B0BF3AB1E93FE1600CEC320 /* UINavigationController+MAREX.m */ = {isa = PBXFileReference; fileEncoding = 4; lastKnownFileType = sourcecode.c.objc; path = "UINavigationController+MAREX.m"; sourceTree = "<group>"; };
		5B0BF3AD1E9402D800CEC320 /* UINavigationBar+MAREX.h */ = {isa = PBXFileReference; fileEncoding = 4; lastKnownFileType = sourcecode.c.h; path = "UINavigationBar+MAREX.h"; sourceTree = "<group>"; };
		5B0BF3AE1E9402D800CEC320 /* UINavigationBar+MAREX.m */ = {isa = PBXFileReference; fileEncoding = 4; lastKnownFileType = sourcecode.c.objc; path = "UINavigationBar+MAREX.m"; sourceTree = "<group>"; };
		5B0BF3B01E94035500CEC320 /* UINavigationItem+MAREX.h */ = {isa = PBXFileReference; fileEncoding = 4; lastKnownFileType = sourcecode.c.h; path = "UINavigationItem+MAREX.h"; sourceTree = "<group>"; };
		5B0BF3B11E94035500CEC320 /* UINavigationItem+MAREX.m */ = {isa = PBXFileReference; fileEncoding = 4; lastKnownFileType = sourcecode.c.objc; path = "UINavigationItem+MAREX.m"; sourceTree = "<group>"; };
		5B2038D11E952A6B003A9E96 /* SVProgressHUD+MAREX.h */ = {isa = PBXFileReference; fileEncoding = 4; lastKnownFileType = sourcecode.c.h; path = "SVProgressHUD+MAREX.h"; sourceTree = "<group>"; };
		5B2038D21E952A6B003A9E96 /* SVProgressHUD+MAREX.m */ = {isa = PBXFileReference; fileEncoding = 4; lastKnownFileType = sourcecode.c.objc; path = "SVProgressHUD+MAREX.m"; sourceTree = "<group>"; };
		5B2038D41E952C6E003A9E96 /* MARAppDelegate.h */ = {isa = PBXFileReference; fileEncoding = 4; lastKnownFileType = sourcecode.c.h; path = MARAppDelegate.h; sourceTree = "<group>"; };
		5B2038D51E952C6E003A9E96 /* MARAppDelegate.m */ = {isa = PBXFileReference; fileEncoding = 4; lastKnownFileType = sourcecode.c.objc; path = MARAppDelegate.m; sourceTree = "<group>"; };
		5B203FDA1E967794003A9E96 /* Assets.xcassets */ = {isa = PBXFileReference; lastKnownFileType = folder.assetcatalog; path = Assets.xcassets; sourceTree = "<group>"; };
		5B416D031E9CA8EC009D1870 /* MARCustomMadeModel.h */ = {isa = PBXFileReference; fileEncoding = 4; lastKnownFileType = sourcecode.c.h; path = MARCustomMadeModel.h; sourceTree = "<group>"; };
		5B416D041E9CA8EC009D1870 /* MARCustomMadeModel.m */ = {isa = PBXFileReference; fileEncoding = 4; lastKnownFileType = sourcecode.c.objc; path = MARCustomMadeModel.m; sourceTree = "<group>"; };
		5B416D061E9D2181009D1870 /* MARJiGuangNoticeModel.h */ = {isa = PBXFileReference; fileEncoding = 4; lastKnownFileType = sourcecode.c.h; path = MARJiGuangNoticeModel.h; sourceTree = "<group>"; };
		5B416D071E9D2181009D1870 /* MARJiGuangNoticeModel.m */ = {isa = PBXFileReference; fileEncoding = 4; lastKnownFileType = sourcecode.c.objc; path = MARJiGuangNoticeModel.m; sourceTree = "<group>"; };
		5BB8A3301E97B55E00D9CBC3 /* images.xcassets */ = {isa = PBXFileReference; lastKnownFileType = folder.assetcatalog; path = images.xcassets; sourceTree = "<group>"; };
		5BC4C8B41E97ACD900EC70C7 /* MARConfig.h */ = {isa = PBXFileReference; fileEncoding = 4; lastKnownFileType = sourcecode.c.h; path = MARConfig.h; sourceTree = "<group>"; };
		5BFBB4811E98C137007CC96B /* MARMainPageViewController.h */ = {isa = PBXFileReference; fileEncoding = 4; lastKnownFileType = sourcecode.c.h; path = MARMainPageViewController.h; sourceTree = "<group>"; };
		5BFBB4821E98C137007CC96B /* MARMainPageViewController.m */ = {isa = PBXFileReference; fileEncoding = 4; lastKnownFileType = sourcecode.c.objc; path = MARMainPageViewController.m; sourceTree = "<group>"; };
		5BFBB4861E98C1AF007CC96B /* MainPage.storyboard */ = {isa = PBXFileReference; fileEncoding = 4; lastKnownFileType = file.storyboard; path = MainPage.storyboard; sourceTree = "<group>"; };
		5BFBB4891E98C3A0007CC96B /* MARMenuCollectionCell.h */ = {isa = PBXFileReference; fileEncoding = 4; lastKnownFileType = sourcecode.c.h; path = MARMenuCollectionCell.h; sourceTree = "<group>"; };
		5BFBB48A1E98C3A0007CC96B /* MARMenuCollectionCell.m */ = {isa = PBXFileReference; fileEncoding = 4; lastKnownFileType = sourcecode.c.objc; path = MARMenuCollectionCell.m; sourceTree = "<group>"; };
		5BFBB48C1E98D314007CC96B /* MARSimpleIntroduceViewController.h */ = {isa = PBXFileReference; fileEncoding = 4; lastKnownFileType = sourcecode.c.h; path = MARSimpleIntroduceViewController.h; sourceTree = "<group>"; };
		5BFBB48D1E98D314007CC96B /* MARSimpleIntroduceViewController.m */ = {isa = PBXFileReference; fileEncoding = 4; lastKnownFileType = sourcecode.c.objc; path = MARSimpleIntroduceViewController.m; sourceTree = "<group>"; };
		5BFBB4911E98D930007CC96B /* simpleintroduce.plist */ = {isa = PBXFileReference; fileEncoding = 4; lastKnownFileType = text.plist.xml; path = simpleintroduce.plist; sourceTree = "<group>"; };
		5BFBB4961E9905BB007CC96B /* MARBaseDBModel.h */ = {isa = PBXFileReference; fileEncoding = 4; lastKnownFileType = sourcecode.c.h; path = MARBaseDBModel.h; sourceTree = "<group>"; };
		5BFBB4971E9905BB007CC96B /* MARBaseDBModel.m */ = {isa = PBXFileReference; fileEncoding = 4; lastKnownFileType = sourcecode.c.objc; path = MARBaseDBModel.m; sourceTree = "<group>"; };
		5BFBB49A1E990641007CC96B /* MARMessageModel.h */ = {isa = PBXFileReference; fileEncoding = 4; lastKnownFileType = sourcecode.c.h; path = MARMessageModel.h; sourceTree = "<group>"; };
		5BFBB49B1E990641007CC96B /* MARMessageModel.m */ = {isa = PBXFileReference; fileEncoding = 4; lastKnownFileType = sourcecode.c.objc; path = MARMessageModel.m; sourceTree = "<group>"; };
		5BFBB49E1E990858007CC96B /* MARBmobHelper.h */ = {isa = PBXFileReference; fileEncoding = 4; lastKnownFileType = sourcecode.c.h; path = MARBmobHelper.h; sourceTree = "<group>"; };
		5BFBB49F1E990858007CC96B /* MARBmobHelper.m */ = {isa = PBXFileReference; fileEncoding = 4; lastKnownFileType = sourcecode.c.objc; path = MARBmobHelper.m; sourceTree = "<group>"; };
		5BFBB4A11E990F51007CC96B /* UIDevice+MAREX.h */ = {isa = PBXFileReference; fileEncoding = 4; lastKnownFileType = sourcecode.c.h; path = "UIDevice+MAREX.h"; sourceTree = "<group>"; };
		5BFBB4A21E990F51007CC96B /* UIDevice+MAREX.m */ = {isa = PBXFileReference; fileEncoding = 4; lastKnownFileType = sourcecode.c.objc; path = "UIDevice+MAREX.m"; sourceTree = "<group>"; };
		5BFBB4A41E991327007CC96B /* NSString+MAREX.h */ = {isa = PBXFileReference; fileEncoding = 4; lastKnownFileType = sourcecode.c.h; path = "NSString+MAREX.h"; sourceTree = "<group>"; };
		5BFBB4A51E991327007CC96B /* NSString+MAREX.m */ = {isa = PBXFileReference; fileEncoding = 4; lastKnownFileType = sourcecode.c.objc; path = "NSString+MAREX.m"; sourceTree = "<group>"; };
		5BFBB4A71E991E22007CC96B /* MARMessageListViewController.h */ = {isa = PBXFileReference; fileEncoding = 4; lastKnownFileType = sourcecode.c.h; path = MARMessageListViewController.h; sourceTree = "<group>"; };
		5BFBB4A81E991E22007CC96B /* MARMessageListViewController.m */ = {isa = PBXFileReference; fileEncoding = 4; lastKnownFileType = sourcecode.c.objc; path = MARMessageListViewController.m; sourceTree = "<group>"; };
		5BFBB4AE1E994F21007CC96B /* MARUserDefault.h */ = {isa = PBXFileReference; fileEncoding = 4; lastKnownFileType = sourcecode.c.h; path = MARUserDefault.h; sourceTree = "<group>"; };
		5BFBB4AF1E994F21007CC96B /* MARUserDefault.m */ = {isa = PBXFileReference; fileEncoding = 4; lastKnownFileType = sourcecode.c.objc; path = MARUserDefault.m; sourceTree = "<group>"; };
		5BFBB4B21E994F91007CC96B /* MXRClassInfo.h */ = {isa = PBXFileReference; fileEncoding = 4; lastKnownFileType = sourcecode.c.h; path = MXRClassInfo.h; sourceTree = "<group>"; };
		5BFBB4B31E994F91007CC96B /* MXRClassInfo.m */ = {isa = PBXFileReference; fileEncoding = 4; lastKnownFileType = sourcecode.c.objc; path = MXRClassInfo.m; sourceTree = "<group>"; };
		5BFBB4B41E994F91007CC96B /* NSObject+MXRModel.h */ = {isa = PBXFileReference; fileEncoding = 4; lastKnownFileType = sourcecode.c.h; path = "NSObject+MXRModel.h"; sourceTree = "<group>"; };
		5BFBB4B51E994F91007CC96B /* NSObject+MXRModel.m */ = {isa = PBXFileReference; fileEncoding = 4; lastKnownFileType = sourcecode.c.objc; path = "NSObject+MXRModel.m"; sourceTree = "<group>"; };
		5BFBB4BB1E996665007CC96B /* MARMapViewController.h */ = {isa = PBXFileReference; fileEncoding = 4; lastKnownFileType = sourcecode.c.h; path = MARMapViewController.h; sourceTree = "<group>"; };
		5BFBB4BC1E996665007CC96B /* MARMapViewController.m */ = {isa = PBXFileReference; fileEncoding = 4; lastKnownFileType = sourcecode.c.objc; path = MARMapViewController.m; sourceTree = "<group>"; };
		5BFBB4BF1E996694007CC96B /* BMKMapView+MAREX.h */ = {isa = PBXFileReference; fileEncoding = 4; lastKnownFileType = sourcecode.c.h; path = "BMKMapView+MAREX.h"; sourceTree = "<group>"; };
		5BFBB4C01E996694007CC96B /* BMKMapView+MAREX.m */ = {isa = PBXFileReference; fileEncoding = 4; lastKnownFileType = sourcecode.c.objc; path = "BMKMapView+MAREX.m"; sourceTree = "<group>"; };
		B0B3AEAB7AF3C404F33D0B83 /* libPods-jiuzhoucaipiao.a */ = {isa = PBXFileReference; explicitFileType = archive.ar; includeInIndex = 0; path = "libPods-jiuzhoucaipiao.a"; sourceTree = BUILT_PRODUCTS_DIR; };
		FD934A49808C77EF8C0C527C /* Pods-jiuzhoucaipiao.debug.xcconfig */ = {isa = PBXFileReference; includeInIndex = 1; lastKnownFileType = text.xcconfig; name = "Pods-jiuzhoucaipiao.debug.xcconfig"; path = "Pods/Target Support Files/Pods-jiuzhoucaipiao/Pods-jiuzhoucaipiao.debug.xcconfig"; sourceTree = "<group>"; };
/* End PBXFileReference section */

/* Begin PBXFrameworksBuildPhase section */
		5B0BF3401E934CAB00CEC320 /* Frameworks */ = {
			isa = PBXFrameworksBuildPhase;
			buildActionMask = 2147483647;
			files = (
				8AC87E9475B501A0C61D834E /* libPods-jiuzhoucaipiao.a in Frameworks */,
			);
			runOnlyForDeploymentPostprocessing = 0;
		};
		5B0BF3591E934CAC00CEC320 /* Frameworks */ = {
			isa = PBXFrameworksBuildPhase;
			buildActionMask = 2147483647;
			files = (
			);
			runOnlyForDeploymentPostprocessing = 0;
		};
		5B0BF3641E934CAC00CEC320 /* Frameworks */ = {
			isa = PBXFrameworksBuildPhase;
			buildActionMask = 2147483647;
			files = (
			);
			runOnlyForDeploymentPostprocessing = 0;
		};
/* End PBXFrameworksBuildPhase section */

/* Begin PBXGroup section */
		5B0BF33A1E934CAB00CEC320 = {
			isa = PBXGroup;
			children = (
				5B0BF3451E934CAC00CEC320 /* jiuzhoucaipiao */,
				5B0BF35F1E934CAC00CEC320 /* jiuzhoucaipiaoTests */,
				5B0BF36A1E934CAC00CEC320 /* jiuzhoucaipiaoUITests */,
				5B0BF3441E934CAC00CEC320 /* Products */,
				B80E9816DA71C8D9978A7B8E /* Pods */,
				72CA08D27480BFB4D58643A3 /* Frameworks */,
			);
			sourceTree = "<group>";
		};
		5B0BF3441E934CAC00CEC320 /* Products */ = {
			isa = PBXGroup;
			children = (
				5B0BF3431E934CAC00CEC320 /* jiuzhoucaipiao.app */,
				5B0BF35C1E934CAC00CEC320 /* jiuzhoucaipiaoTests.xctest */,
				5B0BF3671E934CAC00CEC320 /* jiuzhoucaipiaoUITests.xctest */,
			);
			name = Products;
			sourceTree = "<group>";
		};
		5B0BF3451E934CAC00CEC320 /* jiuzhoucaipiao */ = {
			isa = PBXGroup;
			children = (
				5B0BF3871E937BFE00CEC320 /* jiuzhoucaipiao.entitlements */,
				5B0BF3801E9361F800CEC320 /* MARTool */,
				5B0BF3791E934FB700CEC320 /* ViewControllers */,
				5B0BF3491E934CAC00CEC320 /* AppDelegate.h */,
				5B0BF34A1E934CAC00CEC320 /* AppDelegate.m */,
				5B0BF34C1E934CAC00CEC320 /* ViewController.h */,
				5B0BF34D1E934CAC00CEC320 /* ViewController.m */,
				5B0BF34F1E934CAC00CEC320 /* Main.storyboard */,
				5B0BF3541E934CAC00CEC320 /* LaunchScreen.storyboard */,
				5B0BF3571E934CAC00CEC320 /* Info.plist */,
				5B203FDA1E967794003A9E96 /* Assets.xcassets */,
				5B0BF3461E934CAC00CEC320 /* Supporting Files */,
			);
			path = jiuzhoucaipiao;
			sourceTree = "<group>";
		};
		5B0BF3461E934CAC00CEC320 /* Supporting Files */ = {
			isa = PBXGroup;
			children = (
				5BB8A3301E97B55E00D9CBC3 /* images.xcassets */,
				5B0BF3471E934CAC00CEC320 /* main.m */,
				5B0BF37F1E9355CE00CEC320 /* jiuzhoucaipiao-Prefix.pch */,
				5BFBB4911E98D930007CC96B /* simpleintroduce.plist */,
			);
			name = "Supporting Files";
			sourceTree = "<group>";
		};
		5B0BF35F1E934CAC00CEC320 /* jiuzhoucaipiaoTests */ = {
			isa = PBXGroup;
			children = (
				5B0BF3601E934CAC00CEC320 /* jiuzhoucaipiaoTests.m */,
				5B0BF3621E934CAC00CEC320 /* Info.plist */,
			);
			path = jiuzhoucaipiaoTests;
			sourceTree = "<group>";
		};
		5B0BF36A1E934CAC00CEC320 /* jiuzhoucaipiaoUITests */ = {
			isa = PBXGroup;
			children = (
				5B0BF36B1E934CAC00CEC320 /* jiuzhoucaipiaoUITests.m */,
				5B0BF36D1E934CAC00CEC320 /* Info.plist */,
			);
			path = jiuzhoucaipiaoUITests;
			sourceTree = "<group>";
		};
		5B0BF3791E934FB700CEC320 /* ViewControllers */ = {
			isa = PBXGroup;
			children = (
				5BFBB49D1E990844007CC96B /* helper */,
				5BFBB47F1E98C044007CC96B /* MainPageModuel */,
				5B0BF38A1E93D37B00CEC320 /* MineModule */,
				5B0BF37A1E934FB700CEC320 /* WebViewModule */,
				5B0BF3911E93D64000CEC320 /* MARMainViewController.h */,
				5B0BF3921E93D64000CEC320 /* MARMainViewController.m */,
				5B0BF38E1E93D5EB00CEC320 /* MARLeftMenuViewController.h */,
				5B0BF38F1E93D5EB00CEC320 /* MARLeftMenuViewController.m */,
			);
			path = ViewControllers;
			sourceTree = "<group>";
		};
		5B0BF37A1E934FB700CEC320 /* WebViewModule */ = {
			isa = PBXGroup;
			children = (
				5B0BF37B1E93512900CEC320 /* view */,
			);
			path = WebViewModule;
			sourceTree = "<group>";
		};
		5B0BF37B1E93512900CEC320 /* view */ = {
			isa = PBXGroup;
			children = (
				5B0BF37C1E93516500CEC320 /* MARJiuzhouWebViewController.h */,
				5B0BF37D1E93516500CEC320 /* MARJiuzhouWebViewController.m */,
			);
			path = view;
			sourceTree = "<group>";
		};
		5B0BF3801E9361F800CEC320 /* MARTool */ = {
			isa = PBXGroup;
			children = (
				5BFBB4AD1E994F01007CC96B /* Helper */,
				5B0BF39F1E93DAE900CEC320 /* Base */,
				5B0BF3941E93D67300CEC320 /* Categories */,
				5B0BF3881E93D03900CEC320 /* style */,
				5B0BF3851E9362BB00CEC320 /* Macros */,
				5B0BF3811E9361F800CEC320 /* Debug */,
			);
			path = MARTool;
			sourceTree = "<group>";
		};
		5B0BF3811E9361F800CEC320 /* Debug */ = {
			isa = PBXGroup;
			children = (
				5B0BF3821E93620C00CEC320 /* MARDebug.h */,
				5B0BF3831E93620C00CEC320 /* MARDebug.m */,
			);
			path = Debug;
			sourceTree = "<group>";
		};
		5B0BF3851E9362BB00CEC320 /* Macros */ = {
			isa = PBXGroup;
			children = (
				5B0BF3861E93631700CEC320 /* MARMacro.h */,
				5B0BF3981E93D78B00CEC320 /* MARConstant.h */,
				5B0BF3991E93D78B00CEC320 /* MARConstant.m */,
				5B0BF3A31E93DB7B00CEC320 /* NotificationMacro.h */,
				5BC4C8B41E97ACD900EC70C7 /* MARConfig.h */,
			);
			path = Macros;
			sourceTree = "<group>";
		};
		5B0BF3881E93D03900CEC320 /* style */ = {
			isa = PBXGroup;
			children = (
				5B0BF3891E93D04200CEC320 /* css.h */,
			);
			path = style;
			sourceTree = "<group>";
		};
		5B0BF38A1E93D37B00CEC320 /* MineModule */ = {
			isa = PBXGroup;
			children = (
				5BFBB4991E99062A007CC96B /* model */,
				5B0BF39B1E93D86800CEC320 /* view */,
			);
			path = MineModule;
			sourceTree = "<group>";
		};
		5B0BF3941E93D67300CEC320 /* Categories */ = {
			isa = PBXGroup;
			children = (
				5B0BF3A41E93DCDA00CEC320 /* MARcategories.h */,
				5B0BF3951E93D6A100CEC320 /* UIViewController+MAREX.h */,
				5B0BF3961E93D6A100CEC320 /* UIViewController+MAREX.m */,
				5B0BF3AA1E93FE1600CEC320 /* UINavigationController+MAREX.h */,
				5B0BF3AB1E93FE1600CEC320 /* UINavigationController+MAREX.m */,
				5B0BF3AD1E9402D800CEC320 /* UINavigationBar+MAREX.h */,
				5B0BF3AE1E9402D800CEC320 /* UINavigationBar+MAREX.m */,
				5B0BF3B01E94035500CEC320 /* UINavigationItem+MAREX.h */,
				5B0BF3B11E94035500CEC320 /* UINavigationItem+MAREX.m */,
				5B2038D11E952A6B003A9E96 /* SVProgressHUD+MAREX.h */,
				5B2038D21E952A6B003A9E96 /* SVProgressHUD+MAREX.m */,
				5BFBB4A11E990F51007CC96B /* UIDevice+MAREX.h */,
				5BFBB4A21E990F51007CC96B /* UIDevice+MAREX.m */,
				5BFBB4A41E991327007CC96B /* NSString+MAREX.h */,
				5BFBB4A51E991327007CC96B /* NSString+MAREX.m */,
			);
			path = Categories;
			sourceTree = "<group>";
		};
		5B0BF39B1E93D86800CEC320 /* view */ = {
			isa = PBXGroup;
			children = (
				5B0BF39C1E93D86800CEC320 /* MARAboutViewController.h */,
				5B0BF39D1E93D86800CEC320 /* MARAboutViewController.m */,
				5BFBB4A71E991E22007CC96B /* MARMessageListViewController.h */,
				5BFBB4A81E991E22007CC96B /* MARMessageListViewController.m */,
			);
			path = view;
			sourceTree = "<group>";
		};
		5B0BF39F1E93DAE900CEC320 /* Base */ = {
			isa = PBXGroup;
			children = (
				5B0BF3A01E93DAFA00CEC320 /* MARBaseViewController.h */,
				5B0BF3A11E93DAFA00CEC320 /* MARBaseViewController.m */,
				5B0BF3A71E93F8E100CEC320 /* MARGlobalManager.h */,
				5B0BF3A81E93F8E100CEC320 /* MARGlobalManager.m */,
				5B2038D41E952C6E003A9E96 /* MARAppDelegate.h */,
				5B2038D51E952C6E003A9E96 /* MARAppDelegate.m */,
				5BFBB4961E9905BB007CC96B /* MARBaseDBModel.h */,
				5BFBB4971E9905BB007CC96B /* MARBaseDBModel.m */,
			);
			path = Base;
			sourceTree = "<group>";
		};
		5BFBB47F1E98C044007CC96B /* MainPageModuel */ = {
			isa = PBXGroup;
			children = (
				5BFBB4BE1E996679007CC96B /* model */,
				5BFBB4801E98C072007CC96B /* view */,
				5BFBB4861E98C1AF007CC96B /* MainPage.storyboard */,
			);
			path = MainPageModuel;
			sourceTree = "<group>";
		};
		5BFBB4801E98C072007CC96B /* view */ = {
			isa = PBXGroup;
			children = (
				5BFBB4881E98C36B007CC96B /* cell */,
				5BFBB4811E98C137007CC96B /* MARMainPageViewController.h */,
				5BFBB4821E98C137007CC96B /* MARMainPageViewController.m */,
				5BFBB48C1E98D314007CC96B /* MARSimpleIntroduceViewController.h */,
				5BFBB48D1E98D314007CC96B /* MARSimpleIntroduceViewController.m */,
				5BFBB4BB1E996665007CC96B /* MARMapViewController.h */,
				5BFBB4BC1E996665007CC96B /* MARMapViewController.m */,
			);
			path = view;
			sourceTree = "<group>";
		};
		5BFBB4881E98C36B007CC96B /* cell */ = {
			isa = PBXGroup;
			children = (
				5BFBB4891E98C3A0007CC96B /* MARMenuCollectionCell.h */,
				5BFBB48A1E98C3A0007CC96B /* MARMenuCollectionCell.m */,
			);
			path = cell;
			sourceTree = "<group>";
		};
		5BFBB4991E99062A007CC96B /* model */ = {
			isa = PBXGroup;
			children = (
				5BFBB49A1E990641007CC96B /* MARMessageModel.h */,
				5BFBB49B1E990641007CC96B /* MARMessageModel.m */,
				5B416D061E9D2181009D1870 /* MARJiGuangNoticeModel.h */,
				5B416D071E9D2181009D1870 /* MARJiGuangNoticeModel.m */,
			);
			path = model;
			sourceTree = "<group>";
		};
		5BFBB49D1E990844007CC96B /* helper */ = {
			isa = PBXGroup;
			children = (
				5B416D031E9CA8EC009D1870 /* MARCustomMadeModel.h */,
				5B416D041E9CA8EC009D1870 /* MARCustomMadeModel.m */,
				5BFBB49E1E990858007CC96B /* MARBmobHelper.h */,
				5BFBB49F1E990858007CC96B /* MARBmobHelper.m */,
			);
			path = helper;
			sourceTree = "<group>";
		};
		5BFBB4AD1E994F01007CC96B /* Helper */ = {
			isa = PBXGroup;
			children = (
				5BFBB4B11E994F91007CC96B /* MXRModel */,
				5BFBB4AE1E994F21007CC96B /* MARUserDefault.h */,
				5BFBB4AF1E994F21007CC96B /* MARUserDefault.m */,
			);
			path = Helper;
			sourceTree = "<group>";
		};
		5BFBB4B11E994F91007CC96B /* MXRModel */ = {
			isa = PBXGroup;
			children = (
				5BFBB4B21E994F91007CC96B /* MXRClassInfo.h */,
				5BFBB4B31E994F91007CC96B /* MXRClassInfo.m */,
				5BFBB4B41E994F91007CC96B /* NSObject+MXRModel.h */,
				5BFBB4B51E994F91007CC96B /* NSObject+MXRModel.m */,
			);
			path = MXRModel;
			sourceTree = "<group>";
		};
		5BFBB4BE1E996679007CC96B /* model */ = {
			isa = PBXGroup;
			children = (
				5BFBB4BF1E996694007CC96B /* BMKMapView+MAREX.h */,
				5BFBB4C01E996694007CC96B /* BMKMapView+MAREX.m */,
			);
			path = model;
			sourceTree = "<group>";
		};
		72CA08D27480BFB4D58643A3 /* Frameworks */ = {
			isa = PBXGroup;
			children = (
				B0B3AEAB7AF3C404F33D0B83 /* libPods-jiuzhoucaipiao.a */,
			);
			name = Frameworks;
			sourceTree = "<group>";
		};
		B80E9816DA71C8D9978A7B8E /* Pods */ = {
			isa = PBXGroup;
			children = (
				FD934A49808C77EF8C0C527C /* Pods-jiuzhoucaipiao.debug.xcconfig */,
				0E8C556D7D311043B28DF30D /* Pods-jiuzhoucaipiao.release.xcconfig */,
			);
			name = Pods;
			sourceTree = "<group>";
		};
/* End PBXGroup section */

/* Begin PBXNativeTarget section */
		5B0BF3421E934CAB00CEC320 /* jiuzhoucaipiao */ = {
			isa = PBXNativeTarget;
			buildConfigurationList = 5B0BF3701E934CAC00CEC320 /* Build configuration list for PBXNativeTarget "jiuzhoucaipiao" */;
			buildPhases = (
				46870F12CCD38B4FE0730BA3 /* [CP] Check Pods Manifest.lock */,
				5B0BF33F1E934CAB00CEC320 /* Sources */,
				5B0BF3401E934CAB00CEC320 /* Frameworks */,
				5B0BF3411E934CAB00CEC320 /* Resources */,
				9FFC87600E896BA62B6EE0F6 /* [CP] Embed Pods Frameworks */,
				1E510146A8ACF2E6CD0EA027 /* [CP] Copy Pods Resources */,
			);
			buildRules = (
			);
			dependencies = (
			);
			name = jiuzhoucaipiao;
			productName = jiuzhoucaipiao;
			productReference = 5B0BF3431E934CAC00CEC320 /* jiuzhoucaipiao.app */;
			productType = "com.apple.product-type.application";
		};
		5B0BF35B1E934CAC00CEC320 /* jiuzhoucaipiaoTests */ = {
			isa = PBXNativeTarget;
			buildConfigurationList = 5B0BF3731E934CAC00CEC320 /* Build configuration list for PBXNativeTarget "jiuzhoucaipiaoTests" */;
			buildPhases = (
				5B0BF3581E934CAC00CEC320 /* Sources */,
				5B0BF3591E934CAC00CEC320 /* Frameworks */,
				5B0BF35A1E934CAC00CEC320 /* Resources */,
			);
			buildRules = (
			);
			dependencies = (
				5B0BF35E1E934CAC00CEC320 /* PBXTargetDependency */,
			);
			name = jiuzhoucaipiaoTests;
			productName = jiuzhoucaipiaoTests;
			productReference = 5B0BF35C1E934CAC00CEC320 /* jiuzhoucaipiaoTests.xctest */;
			productType = "com.apple.product-type.bundle.unit-test";
		};
		5B0BF3661E934CAC00CEC320 /* jiuzhoucaipiaoUITests */ = {
			isa = PBXNativeTarget;
			buildConfigurationList = 5B0BF3761E934CAC00CEC320 /* Build configuration list for PBXNativeTarget "jiuzhoucaipiaoUITests" */;
			buildPhases = (
				5B0BF3631E934CAC00CEC320 /* Sources */,
				5B0BF3641E934CAC00CEC320 /* Frameworks */,
				5B0BF3651E934CAC00CEC320 /* Resources */,
			);
			buildRules = (
			);
			dependencies = (
				5B0BF3691E934CAC00CEC320 /* PBXTargetDependency */,
			);
			name = jiuzhoucaipiaoUITests;
			productName = jiuzhoucaipiaoUITests;
			productReference = 5B0BF3671E934CAC00CEC320 /* jiuzhoucaipiaoUITests.xctest */;
			productType = "com.apple.product-type.bundle.ui-testing";
		};
/* End PBXNativeTarget section */

/* Begin PBXProject section */
		5B0BF33B1E934CAB00CEC320 /* Project object */ = {
			isa = PBXProject;
			attributes = {
				LastUpgradeCheck = 0820;
				ORGANIZATIONNAME = MAIERSI;
				TargetAttributes = {
					5B0BF3421E934CAB00CEC320 = {
						CreatedOnToolsVersion = 8.2;
						DevelopmentTeam = BVQ3L55FPQ;
						ProvisioningStyle = Manual;
						SystemCapabilities = {
							com.apple.BackgroundModes = {
								enabled = 1;
							};
							com.apple.Push = {
								enabled = 1;
							};
						};
					};
					5B0BF35B1E934CAC00CEC320 = {
						CreatedOnToolsVersion = 8.2;
						ProvisioningStyle = Automatic;
						TestTargetID = 5B0BF3421E934CAB00CEC320;
					};
					5B0BF3661E934CAC00CEC320 = {
						CreatedOnToolsVersion = 8.2;
						ProvisioningStyle = Automatic;
						TestTargetID = 5B0BF3421E934CAB00CEC320;
					};
				};
			};
			buildConfigurationList = 5B0BF33E1E934CAB00CEC320 /* Build configuration list for PBXProject "jiuzhoucaipiao" */;
			compatibilityVersion = "Xcode 3.2";
			developmentRegion = English;
			hasScannedForEncodings = 0;
			knownRegions = (
				en,
				Base,
			);
			mainGroup = 5B0BF33A1E934CAB00CEC320;
			productRefGroup = 5B0BF3441E934CAC00CEC320 /* Products */;
			projectDirPath = "";
			projectRoot = "";
			targets = (
				5B0BF3421E934CAB00CEC320 /* jiuzhoucaipiao */,
				5B0BF35B1E934CAC00CEC320 /* jiuzhoucaipiaoTests */,
				5B0BF3661E934CAC00CEC320 /* jiuzhoucaipiaoUITests */,
			);
		};
/* End PBXProject section */

/* Begin PBXResourcesBuildPhase section */
		5B0BF3411E934CAB00CEC320 /* Resources */ = {
			isa = PBXResourcesBuildPhase;
			buildActionMask = 2147483647;
			files = (
				5BFBB4871E98C1AF007CC96B /* MainPage.storyboard in Resources */,
				5B0BF3561E934CAC00CEC320 /* LaunchScreen.storyboard in Resources */,
				5BFBB4921E98D930007CC96B /* simpleintroduce.plist in Resources */,
				5B0BF3511E934CAC00CEC320 /* Main.storyboard in Resources */,
				5BB8A3311E97B55E00D9CBC3 /* images.xcassets in Resources */,
				5B203FDB1E967794003A9E96 /* Assets.xcassets in Resources */,
			);
			runOnlyForDeploymentPostprocessing = 0;
		};
		5B0BF35A1E934CAC00CEC320 /* Resources */ = {
			isa = PBXResourcesBuildPhase;
			buildActionMask = 2147483647;
			files = (
			);
			runOnlyForDeploymentPostprocessing = 0;
		};
		5B0BF3651E934CAC00CEC320 /* Resources */ = {
			isa = PBXResourcesBuildPhase;
			buildActionMask = 2147483647;
			files = (
			);
			runOnlyForDeploymentPostprocessing = 0;
		};
/* End PBXResourcesBuildPhase section */

/* Begin PBXShellScriptBuildPhase section */
		1E510146A8ACF2E6CD0EA027 /* [CP] Copy Pods Resources */ = {
			isa = PBXShellScriptBuildPhase;
			buildActionMask = 2147483647;
			files = (
			);
			inputPaths = (
			);
			name = "[CP] Copy Pods Resources";
			outputPaths = (
			);
			runOnlyForDeploymentPostprocessing = 0;
			shellPath = /bin/sh;
			shellScript = "\"${SRCROOT}/Pods/Target Support Files/Pods-jiuzhoucaipiao/Pods-jiuzhoucaipiao-resources.sh\"\n";
			showEnvVarsInLog = 0;
		};
		46870F12CCD38B4FE0730BA3 /* [CP] Check Pods Manifest.lock */ = {
			isa = PBXShellScriptBuildPhase;
			buildActionMask = 2147483647;
			files = (
			);
			inputPaths = (
			);
			name = "[CP] Check Pods Manifest.lock";
			outputPaths = (
			);
			runOnlyForDeploymentPostprocessing = 0;
			shellPath = /bin/sh;
			shellScript = "diff \"${PODS_ROOT}/../Podfile.lock\" \"${PODS_ROOT}/Manifest.lock\" > /dev/null\nif [ $? != 0 ] ; then\n    # print error to STDERR\n    echo \"error: The sandbox is not in sync with the Podfile.lock. Run 'pod install' or update your CocoaPods installation.\" >&2\n    exit 1\nfi\n";
			showEnvVarsInLog = 0;
		};
		9FFC87600E896BA62B6EE0F6 /* [CP] Embed Pods Frameworks */ = {
			isa = PBXShellScriptBuildPhase;
			buildActionMask = 2147483647;
			files = (
			);
			inputPaths = (
			);
			name = "[CP] Embed Pods Frameworks";
			outputPaths = (
			);
			runOnlyForDeploymentPostprocessing = 0;
			shellPath = /bin/sh;
			shellScript = "\"${SRCROOT}/Pods/Target Support Files/Pods-jiuzhoucaipiao/Pods-jiuzhoucaipiao-frameworks.sh\"\n";
			showEnvVarsInLog = 0;
		};
/* End PBXShellScriptBuildPhase section */

/* Begin PBXSourcesBuildPhase section */
		5B0BF33F1E934CAB00CEC320 /* Sources */ = {
			isa = PBXSourcesBuildPhase;
			buildActionMask = 2147483647;
			files = (
				5B0BF3B21E94035500CEC320 /* UINavigationItem+MAREX.m in Sources */,
				5B0BF39A1E93D78B00CEC320 /* MARConstant.m in Sources */,
				5BFBB4A01E990858007CC96B /* MARBmobHelper.m in Sources */,
				5BFBB4B71E994F91007CC96B /* NSObject+MXRModel.m in Sources */,
				5BFBB4981E9905BB007CC96B /* MARBaseDBModel.m in Sources */,
				5B0BF39E1E93D86800CEC320 /* MARAboutViewController.m in Sources */,
				5B0BF3AC1E93FE1600CEC320 /* UINavigationController+MAREX.m in Sources */,
				5B0BF3901E93D5EB00CEC320 /* MARLeftMenuViewController.m in Sources */,
				5BFBB4A61E991327007CC96B /* NSString+MAREX.m in Sources */,
				5BFBB4C11E996694007CC96B /* BMKMapView+MAREX.m in Sources */,
				5B2038D61E952C6E003A9E96 /* MARAppDelegate.m in Sources */,
				5B0BF3841E93620C00CEC320 /* MARDebug.m in Sources */,
				5BFBB48E1E98D314007CC96B /* MARSimpleIntroduceViewController.m in Sources */,
				5B416D081E9D2181009D1870 /* MARJiGuangNoticeModel.m in Sources */,
				5B0BF34E1E934CAC00CEC320 /* ViewController.m in Sources */,
				5B2038D31E952A6B003A9E96 /* SVProgressHUD+MAREX.m in Sources */,
				5BFBB4A91E991E22007CC96B /* MARMessageListViewController.m in Sources */,
				5BFBB48B1E98C3A0007CC96B /* MARMenuCollectionCell.m in Sources */,
				5B0BF3A91E93F8E100CEC320 /* MARGlobalManager.m in Sources */,
				5B416D051E9CA8EC009D1870 /* MARCustomMadeModel.m in Sources */,
				5B0BF3A21E93DAFA00CEC320 /* MARBaseViewController.m in Sources */,
				5B0BF34B1E934CAC00CEC320 /* AppDelegate.m in Sources */,
				5B0BF3AF1E9402D800CEC320 /* UINavigationBar+MAREX.m in Sources */,
				5BFBB4B01E994F21007CC96B /* MARUserDefault.m in Sources */,
				5BFBB4A31E990F51007CC96B /* UIDevice+MAREX.m in Sources */,
				5BFBB4BD1E996665007CC96B /* MARMapViewController.m in Sources */,
				5B0BF3971E93D6A100CEC320 /* UIViewController+MAREX.m in Sources */,
				5BFBB4B61E994F91007CC96B /* MXRClassInfo.m in Sources */,
				5B0BF3481E934CAC00CEC320 /* main.m in Sources */,
				5BFBB4841E98C137007CC96B /* MARMainPageViewController.m in Sources */,
				5B0BF3931E93D64000CEC320 /* MARMainViewController.m in Sources */,
				5BFBB49C1E990641007CC96B /* MARMessageModel.m in Sources */,
				5B0BF37E1E93516500CEC320 /* MARJiuzhouWebViewController.m in Sources */,
			);
			runOnlyForDeploymentPostprocessing = 0;
		};
		5B0BF3581E934CAC00CEC320 /* Sources */ = {
			isa = PBXSourcesBuildPhase;
			buildActionMask = 2147483647;
			files = (
				5B0BF3611E934CAC00CEC320 /* jiuzhoucaipiaoTests.m in Sources */,
			);
			runOnlyForDeploymentPostprocessing = 0;
		};
		5B0BF3631E934CAC00CEC320 /* Sources */ = {
			isa = PBXSourcesBuildPhase;
			buildActionMask = 2147483647;
			files = (
				5B0BF36C1E934CAC00CEC320 /* jiuzhoucaipiaoUITests.m in Sources */,
			);
			runOnlyForDeploymentPostprocessing = 0;
		};
/* End PBXSourcesBuildPhase section */

/* Begin PBXTargetDependency section */
		5B0BF35E1E934CAC00CEC320 /* PBXTargetDependency */ = {
			isa = PBXTargetDependency;
			target = 5B0BF3421E934CAB00CEC320 /* jiuzhoucaipiao */;
			targetProxy = 5B0BF35D1E934CAC00CEC320 /* PBXContainerItemProxy */;
		};
		5B0BF3691E934CAC00CEC320 /* PBXTargetDependency */ = {
			isa = PBXTargetDependency;
			target = 5B0BF3421E934CAB00CEC320 /* jiuzhoucaipiao */;
			targetProxy = 5B0BF3681E934CAC00CEC320 /* PBXContainerItemProxy */;
		};
/* End PBXTargetDependency section */

/* Begin PBXVariantGroup section */
		5B0BF34F1E934CAC00CEC320 /* Main.storyboard */ = {
			isa = PBXVariantGroup;
			children = (
				5B0BF3501E934CAC00CEC320 /* Base */,
			);
			name = Main.storyboard;
			sourceTree = "<group>";
		};
		5B0BF3541E934CAC00CEC320 /* LaunchScreen.storyboard */ = {
			isa = PBXVariantGroup;
			children = (
				5B0BF3551E934CAC00CEC320 /* Base */,
			);
			name = LaunchScreen.storyboard;
			sourceTree = "<group>";
		};
/* End PBXVariantGroup section */

/* Begin XCBuildConfiguration section */
		5B0BF36E1E934CAC00CEC320 /* Debug */ = {
			isa = XCBuildConfiguration;
			buildSettings = {
				ALWAYS_SEARCH_USER_PATHS = NO;
				CLANG_ANALYZER_NONNULL = YES;
				CLANG_CXX_LANGUAGE_STANDARD = "gnu++0x";
				CLANG_CXX_LIBRARY = "libc++";
				CLANG_ENABLE_MODULES = YES;
				CLANG_ENABLE_OBJC_ARC = YES;
				CLANG_WARN_BOOL_CONVERSION = YES;
				CLANG_WARN_CONSTANT_CONVERSION = YES;
				CLANG_WARN_DIRECT_OBJC_ISA_USAGE = YES_ERROR;
				CLANG_WARN_DOCUMENTATION_COMMENTS = YES;
				CLANG_WARN_EMPTY_BODY = YES;
				CLANG_WARN_ENUM_CONVERSION = YES;
				CLANG_WARN_INFINITE_RECURSION = YES;
				CLANG_WARN_INT_CONVERSION = YES;
				CLANG_WARN_OBJC_ROOT_CLASS = YES_ERROR;
				CLANG_WARN_SUSPICIOUS_MOVE = YES;
				CLANG_WARN_UNREACHABLE_CODE = YES;
				CLANG_WARN__DUPLICATE_METHOD_MATCH = YES;
				"CODE_SIGN_IDENTITY[sdk=iphoneos*]" = "iPhone Developer";
				COPY_PHASE_STRIP = NO;
				DEBUG_INFORMATION_FORMAT = dwarf;
				ENABLE_STRICT_OBJC_MSGSEND = YES;
				ENABLE_TESTABILITY = YES;
				GCC_C_LANGUAGE_STANDARD = gnu99;
				GCC_DYNAMIC_NO_PIC = NO;
				GCC_NO_COMMON_BLOCKS = YES;
				GCC_OPTIMIZATION_LEVEL = 0;
				GCC_PREPROCESSOR_DEFINITIONS = (
					"DEBUG=1",
					"$(inherited)",
				);
				GCC_WARN_64_TO_32_BIT_CONVERSION = YES;
				GCC_WARN_ABOUT_RETURN_TYPE = YES_ERROR;
				GCC_WARN_UNDECLARED_SELECTOR = YES;
				GCC_WARN_UNINITIALIZED_AUTOS = YES_AGGRESSIVE;
				GCC_WARN_UNUSED_FUNCTION = YES;
				GCC_WARN_UNUSED_VARIABLE = YES;
				IPHONEOS_DEPLOYMENT_TARGET = 10.2;
				MTL_ENABLE_DEBUG_INFO = YES;
				ONLY_ACTIVE_ARCH = YES;
				SDKROOT = iphoneos;
			};
			name = Debug;
		};
		5B0BF36F1E934CAC00CEC320 /* Release */ = {
			isa = XCBuildConfiguration;
			buildSettings = {
				ALWAYS_SEARCH_USER_PATHS = NO;
				CLANG_ANALYZER_NONNULL = YES;
				CLANG_CXX_LANGUAGE_STANDARD = "gnu++0x";
				CLANG_CXX_LIBRARY = "libc++";
				CLANG_ENABLE_MODULES = YES;
				CLANG_ENABLE_OBJC_ARC = YES;
				CLANG_WARN_BOOL_CONVERSION = YES;
				CLANG_WARN_CONSTANT_CONVERSION = YES;
				CLANG_WARN_DIRECT_OBJC_ISA_USAGE = YES_ERROR;
				CLANG_WARN_DOCUMENTATION_COMMENTS = YES;
				CLANG_WARN_EMPTY_BODY = YES;
				CLANG_WARN_ENUM_CONVERSION = YES;
				CLANG_WARN_INFINITE_RECURSION = YES;
				CLANG_WARN_INT_CONVERSION = YES;
				CLANG_WARN_OBJC_ROOT_CLASS = YES_ERROR;
				CLANG_WARN_SUSPICIOUS_MOVE = YES;
				CLANG_WARN_UNREACHABLE_CODE = YES;
				CLANG_WARN__DUPLICATE_METHOD_MATCH = YES;
				"CODE_SIGN_IDENTITY[sdk=iphoneos*]" = "iPhone Developer";
				COPY_PHASE_STRIP = NO;
				DEBUG_INFORMATION_FORMAT = "dwarf-with-dsym";
				ENABLE_NS_ASSERTIONS = NO;
				ENABLE_STRICT_OBJC_MSGSEND = YES;
				GCC_C_LANGUAGE_STANDARD = gnu99;
				GCC_NO_COMMON_BLOCKS = YES;
				GCC_WARN_64_TO_32_BIT_CONVERSION = YES;
				GCC_WARN_ABOUT_RETURN_TYPE = YES_ERROR;
				GCC_WARN_UNDECLARED_SELECTOR = YES;
				GCC_WARN_UNINITIALIZED_AUTOS = YES_AGGRESSIVE;
				GCC_WARN_UNUSED_FUNCTION = YES;
				GCC_WARN_UNUSED_VARIABLE = YES;
				IPHONEOS_DEPLOYMENT_TARGET = 10.2;
				MTL_ENABLE_DEBUG_INFO = NO;
				SDKROOT = iphoneos;
				VALIDATE_PRODUCT = YES;
			};
			name = Release;
		};
		5B0BF3711E934CAC00CEC320 /* Debug */ = {
			isa = XCBuildConfiguration;
			baseConfigurationReference = FD934A49808C77EF8C0C527C /* Pods-jiuzhoucaipiao.debug.xcconfig */;
			buildSettings = {
				ASSETCATALOG_COMPILER_APPICON_NAME = AppIcon;
				ASSETCATALOG_COMPILER_LAUNCHIMAGE_NAME = LaunchImage;
				CODE_SIGN_ENTITLEMENTS = jiuzhoucaipiao/jiuzhoucaipiao.entitlements;
				"CODE_SIGN_IDENTITY[sdk=iphoneos*]" = "iPhone Developer";
				DEVELOPMENT_TEAM = BVQ3L55FPQ;
				ENABLE_BITCODE = NO;
				GCC_PREFIX_HEADER = "jiuzhoucaipiao/jiuzhoucaipiao-Prefix.pch";
				INFOPLIST_FILE = jiuzhoucaipiao/Info.plist;
				IPHONEOS_DEPLOYMENT_TARGET = 7.0;
				LD_RUNPATH_SEARCH_PATHS = "$(inherited) @executable_path/Frameworks";
				PRODUCT_BUNDLE_IDENTIFIER = com.maiersi.jiuzhoucaipiao;
				PRODUCT_NAME = "$(TARGET_NAME)";
				PROVISIONING_PROFILE = "1916803b-b7dc-4950-989e-796501a90803";
				PROVISIONING_PROFILE_SPECIFIER = jiuzhou_dev;
			};
			name = Debug;
		};
		5B0BF3721E934CAC00CEC320 /* Release */ = {
			isa = XCBuildConfiguration;
			baseConfigurationReference = 0E8C556D7D311043B28DF30D /* Pods-jiuzhoucaipiao.release.xcconfig */;
			buildSettings = {
				ASSETCATALOG_COMPILER_APPICON_NAME = AppIcon;
				ASSETCATALOG_COMPILER_LAUNCHIMAGE_NAME = LaunchImage;
				CODE_SIGN_ENTITLEMENTS = jiuzhoucaipiao/jiuzhoucaipiao.entitlements;
				"CODE_SIGN_IDENTITY[sdk=iphoneos*]" = "iPhone Distribution";
				DEVELOPMENT_TEAM = BVQ3L55FPQ;
				ENABLE_BITCODE = NO;
				GCC_PREFIX_HEADER = "jiuzhoucaipiao/jiuzhoucaipiao-Prefix.pch";
				INFOPLIST_FILE = jiuzhoucaipiao/Info.plist;
				IPHONEOS_DEPLOYMENT_TARGET = 7.0;
				LD_RUNPATH_SEARCH_PATHS = "$(inherited) @executable_path/Frameworks";
				PRODUCT_BUNDLE_IDENTIFIER = com.maiersi.jiuzhoucaipiao;
				PRODUCT_NAME = "$(TARGET_NAME)";
				PROVISIONING_PROFILE = "c2fd8f9a-8488-4c28-9f65-bdf8ec47ec7d";
				PROVISIONING_PROFILE_SPECIFIER = jiuzhou_hoc;
			};
			name = Release;
		};
		5B0BF3741E934CAC00CEC320 /* Debug */ = {
			isa = XCBuildConfiguration;
			buildSettings = {
				BUNDLE_LOADER = "$(TEST_HOST)";
				INFOPLIST_FILE = jiuzhoucaipiaoTests/Info.plist;
				LD_RUNPATH_SEARCH_PATHS = "$(inherited) @executable_path/Frameworks @loader_path/Frameworks";
				PRODUCT_BUNDLE_IDENTIFIER = com.maiersi.jiuzhoucaipiaoTests;
				PRODUCT_NAME = "$(TARGET_NAME)";
				TEST_HOST = "$(BUILT_PRODUCTS_DIR)/jiuzhoucaipiao.app/jiuzhoucaipiao";
			};
			name = Debug;
		};
		5B0BF3751E934CAC00CEC320 /* Release */ = {
			isa = XCBuildConfiguration;
			buildSettings = {
				BUNDLE_LOADER = "$(TEST_HOST)";
				INFOPLIST_FILE = jiuzhoucaipiaoTests/Info.plist;
				LD_RUNPATH_SEARCH_PATHS = "$(inherited) @executable_path/Frameworks @loader_path/Frameworks";
				PRODUCT_BUNDLE_IDENTIFIER = com.maiersi.jiuzhoucaipiaoTests;
				PRODUCT_NAME = "$(TARGET_NAME)";
				TEST_HOST = "$(BUILT_PRODUCTS_DIR)/jiuzhoucaipiao.app/jiuzhoucaipiao";
			};
			name = Release;
		};
		5B0BF3771E934CAC00CEC320 /* Debug */ = {
			isa = XCBuildConfiguration;
			buildSettings = {
				INFOPLIST_FILE = jiuzhoucaipiaoUITests/Info.plist;
				LD_RUNPATH_SEARCH_PATHS = "$(inherited) @executable_path/Frameworks @loader_path/Frameworks";
				PRODUCT_BUNDLE_IDENTIFIER = com.maiersi.jiuzhoucaipiaoUITests;
				PRODUCT_NAME = "$(TARGET_NAME)";
				TEST_TARGET_NAME = jiuzhoucaipiao;
			};
			name = Debug;
		};
		5B0BF3781E934CAC00CEC320 /* Release */ = {
			isa = XCBuildConfiguration;
			buildSettings = {
				INFOPLIST_FILE = jiuzhoucaipiaoUITests/Info.plist;
				LD_RUNPATH_SEARCH_PATHS = "$(inherited) @executable_path/Frameworks @loader_path/Frameworks";
				PRODUCT_BUNDLE_IDENTIFIER = com.maiersi.jiuzhoucaipiaoUITests;
				PRODUCT_NAME = "$(TARGET_NAME)";
				TEST_TARGET_NAME = jiuzhoucaipiao;
			};
			name = Release;
		};
/* End XCBuildConfiguration section */

/* Begin XCConfigurationList section */
		5B0BF33E1E934CAB00CEC320 /* Build configuration list for PBXProject "jiuzhoucaipiao" */ = {
			isa = XCConfigurationList;
			buildConfigurations = (
				5B0BF36E1E934CAC00CEC320 /* Debug */,
				5B0BF36F1E934CAC00CEC320 /* Release */,
			);
			defaultConfigurationIsVisible = 0;
			defaultConfigurationName = Release;
		};
		5B0BF3701E934CAC00CEC320 /* Build configuration list for PBXNativeTarget "jiuzhoucaipiao" */ = {
			isa = XCConfigurationList;
			buildConfigurations = (
				5B0BF3711E934CAC00CEC320 /* Debug */,
				5B0BF3721E934CAC00CEC320 /* Release */,
			);
			defaultConfigurationIsVisible = 0;
			defaultConfigurationName = Release;
		};
		5B0BF3731E934CAC00CEC320 /* Build configuration list for PBXNativeTarget "jiuzhoucaipiaoTests" */ = {
			isa = XCConfigurationList;
			buildConfigurations = (
				5B0BF3741E934CAC00CEC320 /* Debug */,
				5B0BF3751E934CAC00CEC320 /* Release */,
			);
			defaultConfigurationIsVisible = 0;
			defaultConfigurationName = Release;
		};
		5B0BF3761E934CAC00CEC320 /* Build configuration list for PBXNativeTarget "jiuzhoucaipiaoUITests" */ = {
			isa = XCConfigurationList;
			buildConfigurations = (
				5B0BF3771E934CAC00CEC320 /* Debug */,
				5B0BF3781E934CAC00CEC320 /* Release */,
			);
			defaultConfigurationIsVisible = 0;
			defaultConfigurationName = Release;
		};
/* End XCConfigurationList section */
	};
	rootObject = 5B0BF33B1E934CAB00CEC320 /* Project object */;
}
