// !$*UTF8*$!
{
	archiveVersion = 1;
	classes = {
	};
	objectVersion = 48;
	objects = {

/* Begin PBXBuildFile section */
		5B01CD541FF32922003D2875 /* MARTitleCollectionReuableView.m in Sources */ = {isa = PBXBuildFile; fileRef = 5B01CD521FF32922003D2875 /* MARTitleCollectionReuableView.m */; };
		5B01CD551FF32922003D2875 /* MARTitleCollectionReuableView.xib in Resources */ = {isa = PBXBuildFile; fileRef = 5B01CD531FF32922003D2875 /* MARTitleCollectionReuableView.xib */; };
		5B01CD611FF38FAC003D2875 /* MARSMS.m in Sources */ = {isa = PBXBuildFile; fileRef = 5B01CD601FF38FAC003D2875 /* MARSMS.m */; };
		5B029EF31FE25927008ED5CA /* MARPhoneNumberSettingVC.m in Sources */ = {isa = PBXBuildFile; fileRef = 5B029EF21FE25927008ED5CA /* MARPhoneNumberSettingVC.m */; };
		5B029EF51FE2654B008ED5CA /* mob_error.plist in Resources */ = {isa = PBXBuildFile; fileRef = 5B029EF41FE2654B008ED5CA /* mob_error.plist */; };
		5B029EFB1FE28098008ED5CA /* MARCarBrandListVC.m in Sources */ = {isa = PBXBuildFile; fileRef = 5B029EFA1FE28098008ED5CA /* MARCarBrandListVC.m */; };
		5B029EFE1FE2824C008ED5CA /* MARCarBrandModel.m in Sources */ = {isa = PBXBuildFile; fileRef = 5B029EFD1FE2824C008ED5CA /* MARCarBrandModel.m */; };
		5B029F011FE2C317008ED5CA /* MARCarSeriesVC.m in Sources */ = {isa = PBXBuildFile; fileRef = 5B029F001FE2C317008ED5CA /* MARCarSeriesVC.m */; };
		5B029F041FE2E016008ED5CA /* MARMobUtil.m in Sources */ = {isa = PBXBuildFile; fileRef = 5B029F031FE2E016008ED5CA /* MARMobUtil.m */; };
		5B029F071FE2EB61008ED5CA /* MARCarDetailVC.m in Sources */ = {isa = PBXBuildFile; fileRef = 5B029F061FE2EB61008ED5CA /* MARCarDetailVC.m */; };
		5B029F0C1FE3C311008ED5CA /* UIViewController+MXD.m in Sources */ = {isa = PBXBuildFile; fileRef = 5B029F0B1FE3C311008ED5CA /* UIViewController+MXD.m */; };
		5B029F0F1FE3C3D3008ED5CA /* MARSBConstant.m in Sources */ = {isa = PBXBuildFile; fileRef = 5B029F0E1FE3C3D3008ED5CA /* MARSBConstant.m */; };
		5B029F161FE3C849008ED5CA /* test.storyboard in Resources */ = {isa = PBXBuildFile; fileRef = 5B029F151FE3C849008ED5CA /* test.storyboard */; };
		5B029F1D1FE3CCA7008ED5CA /* MARHomeCustomTableCell.m in Sources */ = {isa = PBXBuildFile; fileRef = 5B029F1B1FE3CCA7008ED5CA /* MARHomeCustomTableCell.m */; };
		5B029F1E1FE3CCA7008ED5CA /* MARHomeCustomTableCell.xib in Resources */ = {isa = PBXBuildFile; fileRef = 5B029F1C1FE3CCA7008ED5CA /* MARHomeCustomTableCell.xib */; };
		5B029F241FE3D55E008ED5CA /* MARHomeTestVC.m in Sources */ = {isa = PBXBuildFile; fileRef = 5B029F231FE3D55E008ED5CA /* MARHomeTestVC.m */; };
		5B029F261FE40330008ED5CA /* homecustome.storyboard in Resources */ = {isa = PBXBuildFile; fileRef = 5B029F251FE40330008ED5CA /* homecustome.storyboard */; };
		5B029F2A1FE4043D008ED5CA /* MARHomeCustomVC.m in Sources */ = {isa = PBXBuildFile; fileRef = 5B029F281FE4043D008ED5CA /* MARHomeCustomVC.m */; };
		5B029F2B1FE4043D008ED5CA /* MARHomeCustomVC.xib in Resources */ = {isa = PBXBuildFile; fileRef = 5B029F291FE4043D008ED5CA /* MARHomeCustomVC.xib */; };
		5B029F2E1FE40E73008ED5CA /* MARGlobalModel.m in Sources */ = {isa = PBXBuildFile; fileRef = 5B029F2D1FE40E73008ED5CA /* MARGlobalModel.m */; };
		5B029F311FE41C1F008ED5CA /* MARHomeDateView.m in Sources */ = {isa = PBXBuildFile; fileRef = 5B029F301FE41C1F008ED5CA /* MARHomeDateView.m */; };
		5B029F351FE421AB008ED5CA /* MARHomeDateView.xib in Resources */ = {isa = PBXBuildFile; fileRef = 5B029F341FE421AB008ED5CA /* MARHomeDateView.xib */; };
		5B029F381FE42EBA008ED5CA /* MARMobCalendarModel.m in Sources */ = {isa = PBXBuildFile; fileRef = 5B029F371FE42EBA008ED5CA /* MARMobCalendarModel.m */; };
		5B029F3B1FE4B5C2008ED5CA /* MARLaohuangliModel.m in Sources */ = {isa = PBXBuildFile; fileRef = 5B029F3A1FE4B5C2008ED5CA /* MARLaohuangliModel.m */; };
		5B029F3E1FE4BA1A008ED5CA /* MARCookCategoryModel.m in Sources */ = {isa = PBXBuildFile; fileRef = 5B029F3D1FE4BA1A008ED5CA /* MARCookCategoryModel.m */; };
		5B029F411FE4E3BE008ED5CA /* MARCookCategoryListVC.m in Sources */ = {isa = PBXBuildFile; fileRef = 5B029F401FE4E3BE008ED5CA /* MARCookCategoryListVC.m */; };
		5B029F441FE4F125008ED5CA /* MARSearchCookVC.m in Sources */ = {isa = PBXBuildFile; fileRef = 5B029F431FE4F125008ED5CA /* MARSearchCookVC.m */; };
		5B029F471FE4FE99008ED5CA /* MARCookInfoTableCell.m in Sources */ = {isa = PBXBuildFile; fileRef = 5B029F461FE4FE99008ED5CA /* MARCookInfoTableCell.m */; };
		5B029F4A1FE500C1008ED5CA /* UIImageView+SDWEBEXT.m in Sources */ = {isa = PBXBuildFile; fileRef = 5B029F491FE500C1008ED5CA /* UIImageView+SDWEBEXT.m */; };
		5B25F8541FE0D2CA00E85884 /* AppDelegate.m in Sources */ = {isa = PBXBuildFile; fileRef = 5B25F8531FE0D2CA00E85884 /* AppDelegate.m */; };
		5B25F8571FE0D2CA00E85884 /* ViewController.m in Sources */ = {isa = PBXBuildFile; fileRef = 5B25F8561FE0D2CA00E85884 /* ViewController.m */; };
		5B25F85A1FE0D2CA00E85884 /* Main.storyboard in Resources */ = {isa = PBXBuildFile; fileRef = 5B25F8581FE0D2CA00E85884 /* Main.storyboard */; };
		5B25F85C1FE0D2CA00E85884 /* Assets.xcassets in Resources */ = {isa = PBXBuildFile; fileRef = 5B25F85B1FE0D2CA00E85884 /* Assets.xcassets */; };
		5B25F85F1FE0D2CA00E85884 /* LaunchScreen.storyboard in Resources */ = {isa = PBXBuildFile; fileRef = 5B25F85D1FE0D2CA00E85884 /* LaunchScreen.storyboard */; };
		5B25F8621FE0D2CA00E85884 /* main.m in Sources */ = {isa = PBXBuildFile; fileRef = 5B25F8611FE0D2CA00E85884 /* main.m */; };
		5B25F86C1FE0D2CA00E85884 /* maxiaodingTests.m in Sources */ = {isa = PBXBuildFile; fileRef = 5B25F86B1FE0D2CA00E85884 /* maxiaodingTests.m */; };
		5B25F8771FE0D2CA00E85884 /* maxiaodingUITests.m in Sources */ = {isa = PBXBuildFile; fileRef = 5B25F8761FE0D2CA00E85884 /* maxiaodingUITests.m */; };
		5B25F8CC1FE0F80500E85884 /* MARAppDelegate.m in Sources */ = {isa = PBXBuildFile; fileRef = 5B25F8B91FE0F80500E85884 /* MARAppDelegate.m */; };
		5B25F8CE1FE0F80500E85884 /* MARBaseViewController.m in Sources */ = {isa = PBXBuildFile; fileRef = 5B25F8BD1FE0F80500E85884 /* MARBaseViewController.m */; };
		5B25F8CF1FE0F80500E85884 /* MARNetworkManager.m in Sources */ = {isa = PBXBuildFile; fileRef = 5B25F8BF1FE0F80500E85884 /* MARNetworkManager.m */; };
		5B25F8D01FE0F80500E85884 /* MARNetworkResponse.m in Sources */ = {isa = PBXBuildFile; fileRef = 5B25F8C11FE0F80500E85884 /* MARNetworkResponse.m */; };
		5B25F8D31FE0F90A00E85884 /* mob.storyboard in Resources */ = {isa = PBXBuildFile; fileRef = 5B25F8D21FE0F90A00E85884 /* mob.storyboard */; };
		5B25F8D71FE0FABE00E85884 /* MARWXArticleCategoryCell.m in Sources */ = {isa = PBXBuildFile; fileRef = 5B25F8D61FE0FABE00E85884 /* MARWXArticleCategoryCell.m */; };
		5B25F8DA1FE0FBCC00E85884 /* MARWXArticleCategoryVC.m in Sources */ = {isa = PBXBuildFile; fileRef = 5B25F8D91FE0FBCC00E85884 /* MARWXArticleCategoryVC.m */; };
		5B25F8DD1FE1035A00E85884 /* MARWebViewController.m in Sources */ = {isa = PBXBuildFile; fileRef = 5B25F8DC1FE1035A00E85884 /* MARWebViewController.m */; };
		5B25F8E01FE1057800E85884 /* MARWXArticelListVC.m in Sources */ = {isa = PBXBuildFile; fileRef = 5B25F8DF1FE1057800E85884 /* MARWXArticelListVC.m */; };
		5B25F8E31FE1090B00E85884 /* MARWXArticleTabelCell.m in Sources */ = {isa = PBXBuildFile; fileRef = 5B25F8E21FE1090B00E85884 /* MARWXArticleTabelCell.m */; };
		5B25F8EC1FE12B9000E85884 /* MARMobMenuVC.m in Sources */ = {isa = PBXBuildFile; fileRef = 5B25F8EB1FE12B9000E85884 /* MARMobMenuVC.m */; };
		5B25F8F41FE17CD300E85884 /* MARWXArticleModel.m in Sources */ = {isa = PBXBuildFile; fileRef = 5B25F8EF1FE17CD200E85884 /* MARWXArticleModel.m */; };
		5B25F8F51FE17CD300E85884 /* MARWXArticleCategoryModel.m in Sources */ = {isa = PBXBuildFile; fileRef = 5B25F8F01FE17CD300E85884 /* MARWXArticleCategoryModel.m */; };
		5B25F8F61FE17CD300E85884 /* MARLoadPageModel.m in Sources */ = {isa = PBXBuildFile; fileRef = 5B25F8F11FE17CD300E85884 /* MARLoadPageModel.m */; };
		5B25F8F91FE17D2900E85884 /* MARHistoryDayModel.m in Sources */ = {isa = PBXBuildFile; fileRef = 5B25F8F81FE17D2900E85884 /* MARHistoryDayModel.m */; };
		5B25F8FC1FE17F9100E85884 /* MARHistoryDayViewController.m in Sources */ = {isa = PBXBuildFile; fileRef = 5B25F8FB1FE17F9100E85884 /* MARHistoryDayViewController.m */; };
		5B25F8FF1FE1808F00E85884 /* MARHistoryDayTableCell.m in Sources */ = {isa = PBXBuildFile; fileRef = 5B25F8FE1FE1808F00E85884 /* MARHistoryDayTableCell.m */; };
		5B25F9021FE188C300E85884 /* MARBaseDBModel.m in Sources */ = {isa = PBXBuildFile; fileRef = 5B25F9001FE188C200E85884 /* MARBaseDBModel.m */; };
		5B4805371FF27BAE000C9FD3 /* MARBaseRequest.m in Sources */ = {isa = PBXBuildFile; fileRef = 5B4805361FF27BAE000C9FD3 /* MARBaseRequest.m */; };
		5B48053A1FF29474000C9FD3 /* MARCookCategoryCollectionVC.m in Sources */ = {isa = PBXBuildFile; fileRef = 5B4805391FF29474000C9FD3 /* MARCookCategoryCollectionVC.m */; };
		5B48053D1FF294E1000C9FD3 /* MARCookCategoryCollecitonCell.m in Sources */ = {isa = PBXBuildFile; fileRef = 5B48053C1FF294E1000C9FD3 /* MARCookCategoryCollecitonCell.m */; };
		5B933B2C1FE767AD004C2038 /* MARDataAnalysis.m in Sources */ = {isa = PBXBuildFile; fileRef = 5B933B2B1FE767AD004C2038 /* MARDataAnalysis.m */; };
		5B933B321FE79999004C2038 /* UIViewController+MAREX.m in Sources */ = {isa = PBXBuildFile; fileRef = 5B933B311FE79998004C2038 /* UIViewController+MAREX.m */; };
		5B933B351FE823B4004C2038 /* mine.storyboard in Resources */ = {isa = PBXBuildFile; fileRef = 5B933B341FE823B4004C2038 /* mine.storyboard */; };
		5B933B3C1FE82421004C2038 /* MARMineVC.m in Sources */ = {isa = PBXBuildFile; fileRef = 5B933B3B1FE82421004C2038 /* MARMineVC.m */; };
		5B933B3F1FE82674004C2038 /* MARSettingVC.m in Sources */ = {isa = PBXBuildFile; fileRef = 5B933B3E1FE82674004C2038 /* MARSettingVC.m */; };
		5B933B421FE8EFEA004C2038 /* MARAnalogClockView.m in Sources */ = {isa = PBXBuildFile; fileRef = 5B933B411FE8EFEA004C2038 /* MARAnalogClockView.m */; };
		5B933B461FE8F054004C2038 /* MARHand.m in Sources */ = {isa = PBXBuildFile; fileRef = 5B933B451FE8F054004C2038 /* MARHand.m */; };
		5B933B4D1FE912A9004C2038 /* tianxing.storyboard in Resources */ = {isa = PBXBuildFile; fileRef = 5B933B4C1FE912A8004C2038 /* tianxing.storyboard */; };
		5B933B501FE91327004C2038 /* MARTianxingMenuVC.m in Sources */ = {isa = PBXBuildFile; fileRef = 5B933B4F1FE91327004C2038 /* MARTianxingMenuVC.m */; };
		5B933B531FE91711004C2038 /* MARTXNewsVC.m in Sources */ = {isa = PBXBuildFile; fileRef = 5B933B521FE91711004C2038 /* MARTXNewsVC.m */; };
		5B933B561FE94035004C2038 /* MARTXNewModel.m in Sources */ = {isa = PBXBuildFile; fileRef = 5B933B551FE94035004C2038 /* MARTXNewModel.m */; };
		5B933B5B1FE9485C004C2038 /* MARTianxingUtil.m in Sources */ = {isa = PBXBuildFile; fileRef = 5B933B5A1FE9485C004C2038 /* MARTianxingUtil.m */; };
		5B933B5F1FE9706E004C2038 /* images.xcassets in Resources */ = {isa = PBXBuildFile; fileRef = 5B933B5E1FE9706E004C2038 /* images.xcassets */; };
		5B933B621FE971EF004C2038 /* MAREmptyView.m in Sources */ = {isa = PBXBuildFile; fileRef = 5B933B611FE971EF004C2038 /* MAREmptyView.m */; };
		5BB1D1591FE190EB0004396E /* MARHistoryDayDetailVC.m in Sources */ = {isa = PBXBuildFile; fileRef = 5BB1D1581FE190EB0004396E /* MARHistoryDayDetailVC.m */; };
		5BC0F5761FE2218E004C62D4 /* MARMonthDayView.m in Sources */ = {isa = PBXBuildFile; fileRef = 5BC0F5751FE2218E004C62D4 /* MARMonthDayView.m */; };
		5BD1D2CB1FF4E49C00610DDE /* MARRegisterUserR.m in Sources */ = {isa = PBXBuildFile; fileRef = 5BD1D2CA1FF4E49C00610DDE /* MARRegisterUserR.m */; };
		5BFCE7171FE5257000E86CCC /* MARCookDetailVC.m in Sources */ = {isa = PBXBuildFile; fileRef = 5BFCE7161FE5257000E86CCC /* MARCookDetailVC.m */; };
		5BFCE71A1FE53F6900E86CCC /* MARCookStepTableCell.m in Sources */ = {isa = PBXBuildFile; fileRef = 5BFCE7191FE53F6900E86CCC /* MARCookStepTableCell.m */; };
		83F79CD1B5F4E42CC3A4A9E0 /* libPods-maxiaoding.a in Frameworks */ = {isa = PBXBuildFile; fileRef = 6F38A26DCE334EB207EEDB8D /* libPods-maxiaoding.a */; };
/* End PBXBuildFile section */

/* Begin PBXContainerItemProxy section */
		5B25F8681FE0D2CA00E85884 /* PBXContainerItemProxy */ = {
			isa = PBXContainerItemProxy;
			containerPortal = 5B25F8471FE0D2CA00E85884 /* Project object */;
			proxyType = 1;
			remoteGlobalIDString = 5B25F84E1FE0D2CA00E85884;
			remoteInfo = maxiaoding;
		};
		5B25F8731FE0D2CA00E85884 /* PBXContainerItemProxy */ = {
			isa = PBXContainerItemProxy;
			containerPortal = 5B25F8471FE0D2CA00E85884 /* Project object */;
			proxyType = 1;
			remoteGlobalIDString = 5B25F84E1FE0D2CA00E85884;
			remoteInfo = maxiaoding;
		};
/* End PBXContainerItemProxy section */

/* Begin PBXFileReference section */
		5B01CD511FF32922003D2875 /* MARTitleCollectionReuableView.h */ = {isa = PBXFileReference; lastKnownFileType = sourcecode.c.h; path = MARTitleCollectionReuableView.h; sourceTree = "<group>"; };
		5B01CD521FF32922003D2875 /* MARTitleCollectionReuableView.m */ = {isa = PBXFileReference; lastKnownFileType = sourcecode.c.objc; path = MARTitleCollectionReuableView.m; sourceTree = "<group>"; };
		5B01CD531FF32922003D2875 /* MARTitleCollectionReuableView.xib */ = {isa = PBXFileReference; lastKnownFileType = file.xib; path = MARTitleCollectionReuableView.xib; sourceTree = "<group>"; };
		5B01CD5F1FF38FAC003D2875 /* MARSMS.h */ = {isa = PBXFileReference; lastKnownFileType = sourcecode.c.h; path = MARSMS.h; sourceTree = "<group>"; };
		5B01CD601FF38FAC003D2875 /* MARSMS.m */ = {isa = PBXFileReference; lastKnownFileType = sourcecode.c.objc; path = MARSMS.m; sourceTree = "<group>"; };
		5B029EF11FE25927008ED5CA /* MARPhoneNumberSettingVC.h */ = {isa = PBXFileReference; lastKnownFileType = sourcecode.c.h; path = MARPhoneNumberSettingVC.h; sourceTree = "<group>"; };
		5B029EF21FE25927008ED5CA /* MARPhoneNumberSettingVC.m */ = {isa = PBXFileReference; lastKnownFileType = sourcecode.c.objc; path = MARPhoneNumberSettingVC.m; sourceTree = "<group>"; };
		5B029EF41FE2654B008ED5CA /* mob_error.plist */ = {isa = PBXFileReference; lastKnownFileType = text.plist.xml; path = mob_error.plist; sourceTree = "<group>"; };
		5B029EF91FE28098008ED5CA /* MARCarBrandListVC.h */ = {isa = PBXFileReference; lastKnownFileType = sourcecode.c.h; path = MARCarBrandListVC.h; sourceTree = "<group>"; };
		5B029EFA1FE28098008ED5CA /* MARCarBrandListVC.m */ = {isa = PBXFileReference; lastKnownFileType = sourcecode.c.objc; path = MARCarBrandListVC.m; sourceTree = "<group>"; };
		5B029EFC1FE2824C008ED5CA /* MARCarBrandModel.h */ = {isa = PBXFileReference; lastKnownFileType = sourcecode.c.h; path = MARCarBrandModel.h; sourceTree = "<group>"; };
		5B029EFD1FE2824C008ED5CA /* MARCarBrandModel.m */ = {isa = PBXFileReference; lastKnownFileType = sourcecode.c.objc; path = MARCarBrandModel.m; sourceTree = "<group>"; };
		5B029EFF1FE2C317008ED5CA /* MARCarSeriesVC.h */ = {isa = PBXFileReference; lastKnownFileType = sourcecode.c.h; path = MARCarSeriesVC.h; sourceTree = "<group>"; };
		5B029F001FE2C317008ED5CA /* MARCarSeriesVC.m */ = {isa = PBXFileReference; lastKnownFileType = sourcecode.c.objc; path = MARCarSeriesVC.m; sourceTree = "<group>"; };
		5B029F021FE2E016008ED5CA /* MARMobUtil.h */ = {isa = PBXFileReference; lastKnownFileType = sourcecode.c.h; path = MARMobUtil.h; sourceTree = "<group>"; };
		5B029F031FE2E016008ED5CA /* MARMobUtil.m */ = {isa = PBXFileReference; lastKnownFileType = sourcecode.c.objc; path = MARMobUtil.m; sourceTree = "<group>"; };
		5B029F051FE2EB61008ED5CA /* MARCarDetailVC.h */ = {isa = PBXFileReference; lastKnownFileType = sourcecode.c.h; path = MARCarDetailVC.h; sourceTree = "<group>"; };
		5B029F061FE2EB61008ED5CA /* MARCarDetailVC.m */ = {isa = PBXFileReference; lastKnownFileType = sourcecode.c.objc; path = MARCarDetailVC.m; sourceTree = "<group>"; };
		5B029F0A1FE3C311008ED5CA /* UIViewController+MXD.h */ = {isa = PBXFileReference; lastKnownFileType = sourcecode.c.h; path = "UIViewController+MXD.h"; sourceTree = "<group>"; };
		5B029F0B1FE3C311008ED5CA /* UIViewController+MXD.m */ = {isa = PBXFileReference; lastKnownFileType = sourcecode.c.objc; path = "UIViewController+MXD.m"; sourceTree = "<group>"; };
		5B029F0D1FE3C3D3008ED5CA /* MARSBConstant.h */ = {isa = PBXFileReference; lastKnownFileType = sourcecode.c.h; path = MARSBConstant.h; sourceTree = "<group>"; };
		5B029F0E1FE3C3D3008ED5CA /* MARSBConstant.m */ = {isa = PBXFileReference; lastKnownFileType = sourcecode.c.objc; path = MARSBConstant.m; sourceTree = "<group>"; };
		5B029F151FE3C849008ED5CA /* test.storyboard */ = {isa = PBXFileReference; lastKnownFileType = file.storyboard; path = test.storyboard; sourceTree = "<group>"; };
		5B029F1A1FE3CCA7008ED5CA /* MARHomeCustomTableCell.h */ = {isa = PBXFileReference; lastKnownFileType = sourcecode.c.h; path = MARHomeCustomTableCell.h; sourceTree = "<group>"; };
		5B029F1B1FE3CCA7008ED5CA /* MARHomeCustomTableCell.m */ = {isa = PBXFileReference; lastKnownFileType = sourcecode.c.objc; path = MARHomeCustomTableCell.m; sourceTree = "<group>"; };
		5B029F1C1FE3CCA7008ED5CA /* MARHomeCustomTableCell.xib */ = {isa = PBXFileReference; lastKnownFileType = file.xib; path = MARHomeCustomTableCell.xib; sourceTree = "<group>"; };
		5B029F221FE3D55E008ED5CA /* MARHomeTestVC.h */ = {isa = PBXFileReference; lastKnownFileType = sourcecode.c.h; path = MARHomeTestVC.h; sourceTree = "<group>"; };
		5B029F231FE3D55E008ED5CA /* MARHomeTestVC.m */ = {isa = PBXFileReference; lastKnownFileType = sourcecode.c.objc; path = MARHomeTestVC.m; sourceTree = "<group>"; };
		5B029F251FE40330008ED5CA /* homecustome.storyboard */ = {isa = PBXFileReference; lastKnownFileType = file.storyboard; path = homecustome.storyboard; sourceTree = "<group>"; };
		5B029F271FE4043D008ED5CA /* MARHomeCustomVC.h */ = {isa = PBXFileReference; lastKnownFileType = sourcecode.c.h; path = MARHomeCustomVC.h; sourceTree = "<group>"; };
		5B029F281FE4043D008ED5CA /* MARHomeCustomVC.m */ = {isa = PBXFileReference; lastKnownFileType = sourcecode.c.objc; path = MARHomeCustomVC.m; sourceTree = "<group>"; };
		5B029F291FE4043D008ED5CA /* MARHomeCustomVC.xib */ = {isa = PBXFileReference; lastKnownFileType = file.xib; path = MARHomeCustomVC.xib; sourceTree = "<group>"; };
		5B029F2C1FE40E73008ED5CA /* MARGlobalModel.h */ = {isa = PBXFileReference; lastKnownFileType = sourcecode.c.h; path = MARGlobalModel.h; sourceTree = "<group>"; };
		5B029F2D1FE40E73008ED5CA /* MARGlobalModel.m */ = {isa = PBXFileReference; lastKnownFileType = sourcecode.c.objc; path = MARGlobalModel.m; sourceTree = "<group>"; };
		5B029F2F1FE41C1F008ED5CA /* MARHomeDateView.h */ = {isa = PBXFileReference; lastKnownFileType = sourcecode.c.h; path = MARHomeDateView.h; sourceTree = "<group>"; };
		5B029F301FE41C1F008ED5CA /* MARHomeDateView.m */ = {isa = PBXFileReference; lastKnownFileType = sourcecode.c.objc; path = MARHomeDateView.m; sourceTree = "<group>"; };
		5B029F341FE421AB008ED5CA /* MARHomeDateView.xib */ = {isa = PBXFileReference; lastKnownFileType = file.xib; path = MARHomeDateView.xib; sourceTree = "<group>"; };
		5B029F361FE42EBA008ED5CA /* MARMobCalendarModel.h */ = {isa = PBXFileReference; lastKnownFileType = sourcecode.c.h; path = MARMobCalendarModel.h; sourceTree = "<group>"; };
		5B029F371FE42EBA008ED5CA /* MARMobCalendarModel.m */ = {isa = PBXFileReference; lastKnownFileType = sourcecode.c.objc; path = MARMobCalendarModel.m; sourceTree = "<group>"; };
		5B029F391FE4B5C2008ED5CA /* MARLaohuangliModel.h */ = {isa = PBXFileReference; lastKnownFileType = sourcecode.c.h; path = MARLaohuangliModel.h; sourceTree = "<group>"; };
		5B029F3A1FE4B5C2008ED5CA /* MARLaohuangliModel.m */ = {isa = PBXFileReference; lastKnownFileType = sourcecode.c.objc; path = MARLaohuangliModel.m; sourceTree = "<group>"; };
		5B029F3C1FE4BA1A008ED5CA /* MARCookCategoryModel.h */ = {isa = PBXFileReference; lastKnownFileType = sourcecode.c.h; path = MARCookCategoryModel.h; sourceTree = "<group>"; };
		5B029F3D1FE4BA1A008ED5CA /* MARCookCategoryModel.m */ = {isa = PBXFileReference; lastKnownFileType = sourcecode.c.objc; path = MARCookCategoryModel.m; sourceTree = "<group>"; };
		5B029F3F1FE4E3BE008ED5CA /* MARCookCategoryListVC.h */ = {isa = PBXFileReference; lastKnownFileType = sourcecode.c.h; path = MARCookCategoryListVC.h; sourceTree = "<group>"; };
		5B029F401FE4E3BE008ED5CA /* MARCookCategoryListVC.m */ = {isa = PBXFileReference; lastKnownFileType = sourcecode.c.objc; path = MARCookCategoryListVC.m; sourceTree = "<group>"; };
		5B029F421FE4F124008ED5CA /* MARSearchCookVC.h */ = {isa = PBXFileReference; lastKnownFileType = sourcecode.c.h; path = MARSearchCookVC.h; sourceTree = "<group>"; };
		5B029F431FE4F125008ED5CA /* MARSearchCookVC.m */ = {isa = PBXFileReference; lastKnownFileType = sourcecode.c.objc; path = MARSearchCookVC.m; sourceTree = "<group>"; };
		5B029F451FE4FE99008ED5CA /* MARCookInfoTableCell.h */ = {isa = PBXFileReference; lastKnownFileType = sourcecode.c.h; path = MARCookInfoTableCell.h; sourceTree = "<group>"; };
		5B029F461FE4FE99008ED5CA /* MARCookInfoTableCell.m */ = {isa = PBXFileReference; lastKnownFileType = sourcecode.c.objc; path = MARCookInfoTableCell.m; sourceTree = "<group>"; };
		5B029F481FE500C1008ED5CA /* UIImageView+SDWEBEXT.h */ = {isa = PBXFileReference; lastKnownFileType = sourcecode.c.h; path = "UIImageView+SDWEBEXT.h"; sourceTree = "<group>"; };
		5B029F491FE500C1008ED5CA /* UIImageView+SDWEBEXT.m */ = {isa = PBXFileReference; lastKnownFileType = sourcecode.c.objc; path = "UIImageView+SDWEBEXT.m"; sourceTree = "<group>"; };
		5B25F84F1FE0D2CA00E85884 /* maxiaoding.app */ = {isa = PBXFileReference; explicitFileType = wrapper.application; includeInIndex = 0; path = maxiaoding.app; sourceTree = BUILT_PRODUCTS_DIR; };
		5B25F8521FE0D2CA00E85884 /* AppDelegate.h */ = {isa = PBXFileReference; lastKnownFileType = sourcecode.c.h; path = AppDelegate.h; sourceTree = "<group>"; };
		5B25F8531FE0D2CA00E85884 /* AppDelegate.m */ = {isa = PBXFileReference; lastKnownFileType = sourcecode.c.objc; path = AppDelegate.m; sourceTree = "<group>"; };
		5B25F8551FE0D2CA00E85884 /* ViewController.h */ = {isa = PBXFileReference; lastKnownFileType = sourcecode.c.h; path = ViewController.h; sourceTree = "<group>"; };
		5B25F8561FE0D2CA00E85884 /* ViewController.m */ = {isa = PBXFileReference; lastKnownFileType = sourcecode.c.objc; path = ViewController.m; sourceTree = "<group>"; };
		5B25F8591FE0D2CA00E85884 /* Base */ = {isa = PBXFileReference; lastKnownFileType = file.storyboard; name = Base; path = Base.lproj/Main.storyboard; sourceTree = "<group>"; };
		5B25F85B1FE0D2CA00E85884 /* Assets.xcassets */ = {isa = PBXFileReference; lastKnownFileType = folder.assetcatalog; path = Assets.xcassets; sourceTree = "<group>"; };
		5B25F85E1FE0D2CA00E85884 /* Base */ = {isa = PBXFileReference; lastKnownFileType = file.storyboard; name = Base; path = Base.lproj/LaunchScreen.storyboard; sourceTree = "<group>"; };
		5B25F8601FE0D2CA00E85884 /* Info.plist */ = {isa = PBXFileReference; lastKnownFileType = text.plist.xml; path = Info.plist; sourceTree = "<group>"; };
		5B25F8611FE0D2CA00E85884 /* main.m */ = {isa = PBXFileReference; lastKnownFileType = sourcecode.c.objc; path = main.m; sourceTree = "<group>"; };
		5B25F8671FE0D2CA00E85884 /* maxiaodingTests.xctest */ = {isa = PBXFileReference; explicitFileType = wrapper.cfbundle; includeInIndex = 0; path = maxiaodingTests.xctest; sourceTree = BUILT_PRODUCTS_DIR; };
		5B25F86B1FE0D2CA00E85884 /* maxiaodingTests.m */ = {isa = PBXFileReference; lastKnownFileType = sourcecode.c.objc; path = maxiaodingTests.m; sourceTree = "<group>"; };
		5B25F86D1FE0D2CA00E85884 /* Info.plist */ = {isa = PBXFileReference; lastKnownFileType = text.plist.xml; path = Info.plist; sourceTree = "<group>"; };
		5B25F8721FE0D2CA00E85884 /* maxiaodingUITests.xctest */ = {isa = PBXFileReference; explicitFileType = wrapper.cfbundle; includeInIndex = 0; path = maxiaodingUITests.xctest; sourceTree = BUILT_PRODUCTS_DIR; };
		5B25F8761FE0D2CA00E85884 /* maxiaodingUITests.m */ = {isa = PBXFileReference; lastKnownFileType = sourcecode.c.objc; path = maxiaodingUITests.m; sourceTree = "<group>"; };
		5B25F8781FE0D2CA00E85884 /* Info.plist */ = {isa = PBXFileReference; lastKnownFileType = text.plist.xml; path = Info.plist; sourceTree = "<group>"; };
		5B25F8851FE0D6FF00E85884 /* maxiaoding-Prefix.pch */ = {isa = PBXFileReference; lastKnownFileType = sourcecode.c.h; path = "maxiaoding-Prefix.pch"; sourceTree = "<group>"; };
		5B25F8B81FE0F80500E85884 /* MARAppDelegate.h */ = {isa = PBXFileReference; fileEncoding = 4; lastKnownFileType = sourcecode.c.h; path = MARAppDelegate.h; sourceTree = "<group>"; };
		5B25F8B91FE0F80500E85884 /* MARAppDelegate.m */ = {isa = PBXFileReference; fileEncoding = 4; lastKnownFileType = sourcecode.c.objc; path = MARAppDelegate.m; sourceTree = "<group>"; };
		5B25F8BC1FE0F80500E85884 /* MARBaseViewController.h */ = {isa = PBXFileReference; fileEncoding = 4; lastKnownFileType = sourcecode.c.h; path = MARBaseViewController.h; sourceTree = "<group>"; };
		5B25F8BD1FE0F80500E85884 /* MARBaseViewController.m */ = {isa = PBXFileReference; fileEncoding = 4; lastKnownFileType = sourcecode.c.objc; path = MARBaseViewController.m; sourceTree = "<group>"; };
		5B25F8BE1FE0F80500E85884 /* MARNetworkManager.h */ = {isa = PBXFileReference; fileEncoding = 4; lastKnownFileType = sourcecode.c.h; path = MARNetworkManager.h; sourceTree = "<group>"; };
		5B25F8BF1FE0F80500E85884 /* MARNetworkManager.m */ = {isa = PBXFileReference; fileEncoding = 4; lastKnownFileType = sourcecode.c.objc; path = MARNetworkManager.m; sourceTree = "<group>"; };
		5B25F8C01FE0F80500E85884 /* MARNetworkResponse.h */ = {isa = PBXFileReference; fileEncoding = 4; lastKnownFileType = sourcecode.c.h; path = MARNetworkResponse.h; sourceTree = "<group>"; };
		5B25F8C11FE0F80500E85884 /* MARNetworkResponse.m */ = {isa = PBXFileReference; fileEncoding = 4; lastKnownFileType = sourcecode.c.objc; path = MARNetworkResponse.m; sourceTree = "<group>"; };
		5B25F8C31FE0F80500E85884 /* appkey.h */ = {isa = PBXFileReference; fileEncoding = 4; lastKnownFileType = sourcecode.c.h; path = appkey.h; sourceTree = "<group>"; };
		5B25F8C41FE0F80500E85884 /* css.h */ = {isa = PBXFileReference; fileEncoding = 4; lastKnownFileType = sourcecode.c.h; path = css.h; sourceTree = "<group>"; };
		5B25F8C51FE0F80500E85884 /* enum.h */ = {isa = PBXFileReference; fileEncoding = 4; lastKnownFileType = sourcecode.c.h; path = enum.h; sourceTree = "<group>"; };
		5B25F8C61FE0F80500E85884 /* macro.h */ = {isa = PBXFileReference; fileEncoding = 4; lastKnownFileType = sourcecode.c.h; path = macro.h; sourceTree = "<group>"; };
		5B25F8C71FE0F80500E85884 /* notification.h */ = {isa = PBXFileReference; fileEncoding = 4; lastKnownFileType = sourcecode.c.h; path = notification.h; sourceTree = "<group>"; };
		5B25F8D21FE0F90A00E85884 /* mob.storyboard */ = {isa = PBXFileReference; lastKnownFileType = file.storyboard; path = mob.storyboard; sourceTree = "<group>"; };
		5B25F8D51FE0FABE00E85884 /* MARWXArticleCategoryCell.h */ = {isa = PBXFileReference; lastKnownFileType = sourcecode.c.h; path = MARWXArticleCategoryCell.h; sourceTree = "<group>"; };
		5B25F8D61FE0FABE00E85884 /* MARWXArticleCategoryCell.m */ = {isa = PBXFileReference; lastKnownFileType = sourcecode.c.objc; path = MARWXArticleCategoryCell.m; sourceTree = "<group>"; };
		5B25F8D81FE0FBCC00E85884 /* MARWXArticleCategoryVC.h */ = {isa = PBXFileReference; lastKnownFileType = sourcecode.c.h; path = MARWXArticleCategoryVC.h; sourceTree = "<group>"; };
		5B25F8D91FE0FBCC00E85884 /* MARWXArticleCategoryVC.m */ = {isa = PBXFileReference; lastKnownFileType = sourcecode.c.objc; path = MARWXArticleCategoryVC.m; sourceTree = "<group>"; };
		5B25F8DB1FE1035A00E85884 /* MARWebViewController.h */ = {isa = PBXFileReference; lastKnownFileType = sourcecode.c.h; path = MARWebViewController.h; sourceTree = "<group>"; };
		5B25F8DC1FE1035A00E85884 /* MARWebViewController.m */ = {isa = PBXFileReference; lastKnownFileType = sourcecode.c.objc; path = MARWebViewController.m; sourceTree = "<group>"; };
		5B25F8DE1FE1057800E85884 /* MARWXArticelListVC.h */ = {isa = PBXFileReference; lastKnownFileType = sourcecode.c.h; path = MARWXArticelListVC.h; sourceTree = "<group>"; };
		5B25F8DF1FE1057800E85884 /* MARWXArticelListVC.m */ = {isa = PBXFileReference; lastKnownFileType = sourcecode.c.objc; path = MARWXArticelListVC.m; sourceTree = "<group>"; };
		5B25F8E11FE1090B00E85884 /* MARWXArticleTabelCell.h */ = {isa = PBXFileReference; lastKnownFileType = sourcecode.c.h; path = MARWXArticleTabelCell.h; sourceTree = "<group>"; };
		5B25F8E21FE1090B00E85884 /* MARWXArticleTabelCell.m */ = {isa = PBXFileReference; lastKnownFileType = sourcecode.c.objc; path = MARWXArticleTabelCell.m; sourceTree = "<group>"; };
		5B25F8EA1FE12B9000E85884 /* MARMobMenuVC.h */ = {isa = PBXFileReference; lastKnownFileType = sourcecode.c.h; path = MARMobMenuVC.h; sourceTree = "<group>"; };
		5B25F8EB1FE12B9000E85884 /* MARMobMenuVC.m */ = {isa = PBXFileReference; lastKnownFileType = sourcecode.c.objc; path = MARMobMenuVC.m; sourceTree = "<group>"; };
		5B25F8ED1FE17CD200E85884 /* MARWXArticleCategoryModel.h */ = {isa = PBXFileReference; fileEncoding = 4; lastKnownFileType = sourcecode.c.h; path = MARWXArticleCategoryModel.h; sourceTree = "<group>"; };
		5B25F8EE1FE17CD200E85884 /* mobmodel.h */ = {isa = PBXFileReference; fileEncoding = 4; lastKnownFileType = sourcecode.c.h; path = mobmodel.h; sourceTree = "<group>"; };
		5B25F8EF1FE17CD200E85884 /* MARWXArticleModel.m */ = {isa = PBXFileReference; fileEncoding = 4; lastKnownFileType = sourcecode.c.objc; path = MARWXArticleModel.m; sourceTree = "<group>"; };
		5B25F8F01FE17CD300E85884 /* MARWXArticleCategoryModel.m */ = {isa = PBXFileReference; fileEncoding = 4; lastKnownFileType = sourcecode.c.objc; path = MARWXArticleCategoryModel.m; sourceTree = "<group>"; };
		5B25F8F11FE17CD300E85884 /* MARLoadPageModel.m */ = {isa = PBXFileReference; fileEncoding = 4; lastKnownFileType = sourcecode.c.objc; path = MARLoadPageModel.m; sourceTree = "<group>"; };
		5B25F8F21FE17CD300E85884 /* MARWXArticleModel.h */ = {isa = PBXFileReference; fileEncoding = 4; lastKnownFileType = sourcecode.c.h; path = MARWXArticleModel.h; sourceTree = "<group>"; };
		5B25F8F31FE17CD300E85884 /* MARLoadPageModel.h */ = {isa = PBXFileReference; fileEncoding = 4; lastKnownFileType = sourcecode.c.h; path = MARLoadPageModel.h; sourceTree = "<group>"; };
		5B25F8F71FE17D2900E85884 /* MARHistoryDayModel.h */ = {isa = PBXFileReference; lastKnownFileType = sourcecode.c.h; path = MARHistoryDayModel.h; sourceTree = "<group>"; };
		5B25F8F81FE17D2900E85884 /* MARHistoryDayModel.m */ = {isa = PBXFileReference; lastKnownFileType = sourcecode.c.objc; path = MARHistoryDayModel.m; sourceTree = "<group>"; };
		5B25F8FA1FE17F9100E85884 /* MARHistoryDayViewController.h */ = {isa = PBXFileReference; lastKnownFileType = sourcecode.c.h; path = MARHistoryDayViewController.h; sourceTree = "<group>"; };
		5B25F8FB1FE17F9100E85884 /* MARHistoryDayViewController.m */ = {isa = PBXFileReference; lastKnownFileType = sourcecode.c.objc; path = MARHistoryDayViewController.m; sourceTree = "<group>"; };
		5B25F8FD1FE1808F00E85884 /* MARHistoryDayTableCell.h */ = {isa = PBXFileReference; lastKnownFileType = sourcecode.c.h; path = MARHistoryDayTableCell.h; sourceTree = "<group>"; };
		5B25F8FE1FE1808F00E85884 /* MARHistoryDayTableCell.m */ = {isa = PBXFileReference; lastKnownFileType = sourcecode.c.objc; path = MARHistoryDayTableCell.m; sourceTree = "<group>"; };
		5B25F9001FE188C200E85884 /* MARBaseDBModel.m */ = {isa = PBXFileReference; fileEncoding = 4; lastKnownFileType = sourcecode.c.objc; path = MARBaseDBModel.m; sourceTree = "<group>"; };
		5B25F9011FE188C300E85884 /* MARBaseDBModel.h */ = {isa = PBXFileReference; fileEncoding = 4; lastKnownFileType = sourcecode.c.h; path = MARBaseDBModel.h; sourceTree = "<group>"; };
		5B4805351FF27BAE000C9FD3 /* MARBaseRequest.h */ = {isa = PBXFileReference; lastKnownFileType = sourcecode.c.h; path = MARBaseRequest.h; sourceTree = "<group>"; };
		5B4805361FF27BAE000C9FD3 /* MARBaseRequest.m */ = {isa = PBXFileReference; lastKnownFileType = sourcecode.c.objc; path = MARBaseRequest.m; sourceTree = "<group>"; };
		5B4805381FF29474000C9FD3 /* MARCookCategoryCollectionVC.h */ = {isa = PBXFileReference; lastKnownFileType = sourcecode.c.h; path = MARCookCategoryCollectionVC.h; sourceTree = "<group>"; };
		5B4805391FF29474000C9FD3 /* MARCookCategoryCollectionVC.m */ = {isa = PBXFileReference; lastKnownFileType = sourcecode.c.objc; path = MARCookCategoryCollectionVC.m; sourceTree = "<group>"; };
		5B48053B1FF294E1000C9FD3 /* MARCookCategoryCollecitonCell.h */ = {isa = PBXFileReference; lastKnownFileType = sourcecode.c.h; path = MARCookCategoryCollecitonCell.h; sourceTree = "<group>"; };
		5B48053C1FF294E1000C9FD3 /* MARCookCategoryCollecitonCell.m */ = {isa = PBXFileReference; lastKnownFileType = sourcecode.c.objc; path = MARCookCategoryCollecitonCell.m; sourceTree = "<group>"; };
		5B933B2A1FE767AD004C2038 /* MARDataAnalysis.h */ = {isa = PBXFileReference; lastKnownFileType = sourcecode.c.h; path = MARDataAnalysis.h; sourceTree = "<group>"; };
		5B933B2B1FE767AD004C2038 /* MARDataAnalysis.m */ = {isa = PBXFileReference; lastKnownFileType = sourcecode.c.objc; path = MARDataAnalysis.m; sourceTree = "<group>"; };
		5B933B301FE79998004C2038 /* UIViewController+MAREX.h */ = {isa = PBXFileReference; lastKnownFileType = sourcecode.c.h; path = "UIViewController+MAREX.h"; sourceTree = "<group>"; };
		5B933B311FE79998004C2038 /* UIViewController+MAREX.m */ = {isa = PBXFileReference; lastKnownFileType = sourcecode.c.objc; path = "UIViewController+MAREX.m"; sourceTree = "<group>"; };
		5B933B341FE823B4004C2038 /* mine.storyboard */ = {isa = PBXFileReference; lastKnownFileType = file.storyboard; path = mine.storyboard; sourceTree = "<group>"; };
		5B933B3A1FE82421004C2038 /* MARMineVC.h */ = {isa = PBXFileReference; lastKnownFileType = sourcecode.c.h; path = MARMineVC.h; sourceTree = "<group>"; };
		5B933B3B1FE82421004C2038 /* MARMineVC.m */ = {isa = PBXFileReference; lastKnownFileType = sourcecode.c.objc; path = MARMineVC.m; sourceTree = "<group>"; };
		5B933B3D1FE82674004C2038 /* MARSettingVC.h */ = {isa = PBXFileReference; lastKnownFileType = sourcecode.c.h; path = MARSettingVC.h; sourceTree = "<group>"; };
		5B933B3E1FE82674004C2038 /* MARSettingVC.m */ = {isa = PBXFileReference; lastKnownFileType = sourcecode.c.objc; path = MARSettingVC.m; sourceTree = "<group>"; };
		5B933B401FE8EFEA004C2038 /* MARAnalogClockView.h */ = {isa = PBXFileReference; lastKnownFileType = sourcecode.c.h; path = MARAnalogClockView.h; sourceTree = "<group>"; };
		5B933B411FE8EFEA004C2038 /* MARAnalogClockView.m */ = {isa = PBXFileReference; lastKnownFileType = sourcecode.c.objc; path = MARAnalogClockView.m; sourceTree = "<group>"; };
		5B933B441FE8F054004C2038 /* MARHand.h */ = {isa = PBXFileReference; lastKnownFileType = sourcecode.c.h; path = MARHand.h; sourceTree = "<group>"; };
		5B933B451FE8F054004C2038 /* MARHand.m */ = {isa = PBXFileReference; lastKnownFileType = sourcecode.c.objc; path = MARHand.m; sourceTree = "<group>"; };
		5B933B4C1FE912A8004C2038 /* tianxing.storyboard */ = {isa = PBXFileReference; lastKnownFileType = file.storyboard; path = tianxing.storyboard; sourceTree = "<group>"; };
		5B933B4E1FE91327004C2038 /* MARTianxingMenuVC.h */ = {isa = PBXFileReference; lastKnownFileType = sourcecode.c.h; path = MARTianxingMenuVC.h; sourceTree = "<group>"; };
		5B933B4F1FE91327004C2038 /* MARTianxingMenuVC.m */ = {isa = PBXFileReference; lastKnownFileType = sourcecode.c.objc; path = MARTianxingMenuVC.m; sourceTree = "<group>"; };
		5B933B511FE91711004C2038 /* MARTXNewsVC.h */ = {isa = PBXFileReference; lastKnownFileType = sourcecode.c.h; path = MARTXNewsVC.h; sourceTree = "<group>"; };
		5B933B521FE91711004C2038 /* MARTXNewsVC.m */ = {isa = PBXFileReference; lastKnownFileType = sourcecode.c.objc; path = MARTXNewsVC.m; sourceTree = "<group>"; };
		5B933B541FE94035004C2038 /* MARTXNewModel.h */ = {isa = PBXFileReference; lastKnownFileType = sourcecode.c.h; path = MARTXNewModel.h; sourceTree = "<group>"; };
		5B933B551FE94035004C2038 /* MARTXNewModel.m */ = {isa = PBXFileReference; lastKnownFileType = sourcecode.c.objc; path = MARTXNewModel.m; sourceTree = "<group>"; };
		5B933B581FE940D6004C2038 /* tianxingmodel.h */ = {isa = PBXFileReference; lastKnownFileType = sourcecode.c.h; path = tianxingmodel.h; sourceTree = "<group>"; };
		5B933B591FE9485C004C2038 /* MARTianxingUtil.h */ = {isa = PBXFileReference; lastKnownFileType = sourcecode.c.h; path = MARTianxingUtil.h; sourceTree = "<group>"; };
		5B933B5A1FE9485C004C2038 /* MARTianxingUtil.m */ = {isa = PBXFileReference; lastKnownFileType = sourcecode.c.objc; path = MARTianxingUtil.m; sourceTree = "<group>"; };
		5B933B5E1FE9706E004C2038 /* images.xcassets */ = {isa = PBXFileReference; lastKnownFileType = folder.assetcatalog; path = images.xcassets; sourceTree = "<group>"; };
		5B933B601FE971EF004C2038 /* MAREmptyView.h */ = {isa = PBXFileReference; lastKnownFileType = sourcecode.c.h; path = MAREmptyView.h; sourceTree = "<group>"; };
		5B933B611FE971EF004C2038 /* MAREmptyView.m */ = {isa = PBXFileReference; lastKnownFileType = sourcecode.c.objc; path = MAREmptyView.m; sourceTree = "<group>"; };
		5BB1D1571FE190EB0004396E /* MARHistoryDayDetailVC.h */ = {isa = PBXFileReference; lastKnownFileType = sourcecode.c.h; path = MARHistoryDayDetailVC.h; sourceTree = "<group>"; };
		5BB1D1581FE190EB0004396E /* MARHistoryDayDetailVC.m */ = {isa = PBXFileReference; lastKnownFileType = sourcecode.c.objc; path = MARHistoryDayDetailVC.m; sourceTree = "<group>"; };
		5BC0F5731FE211DF004C62D4 /* userdefaultkey.h */ = {isa = PBXFileReference; lastKnownFileType = sourcecode.c.h; path = userdefaultkey.h; sourceTree = "<group>"; };
		5BC0F5741FE2218E004C62D4 /* MARMonthDayView.h */ = {isa = PBXFileReference; lastKnownFileType = sourcecode.c.h; path = MARMonthDayView.h; sourceTree = "<group>"; };
		5BC0F5751FE2218E004C62D4 /* MARMonthDayView.m */ = {isa = PBXFileReference; lastKnownFileType = sourcecode.c.objc; path = MARMonthDayView.m; sourceTree = "<group>"; };
		5BD1D2C91FF4E49C00610DDE /* MARRegisterUserR.h */ = {isa = PBXFileReference; lastKnownFileType = sourcecode.c.h; path = MARRegisterUserR.h; sourceTree = "<group>"; };
		5BD1D2CA1FF4E49C00610DDE /* MARRegisterUserR.m */ = {isa = PBXFileReference; lastKnownFileType = sourcecode.c.objc; path = MARRegisterUserR.m; sourceTree = "<group>"; };
		5BD1D2CC1FF4E9D600610DDE /* request.h */ = {isa = PBXFileReference; lastKnownFileType = sourcecode.c.h; path = request.h; sourceTree = "<group>"; };
		5BFCE7151FE5257000E86CCC /* MARCookDetailVC.h */ = {isa = PBXFileReference; lastKnownFileType = sourcecode.c.h; path = MARCookDetailVC.h; sourceTree = "<group>"; };
		5BFCE7161FE5257000E86CCC /* MARCookDetailVC.m */ = {isa = PBXFileReference; lastKnownFileType = sourcecode.c.objc; path = MARCookDetailVC.m; sourceTree = "<group>"; };
		5BFCE7181FE53F6900E86CCC /* MARCookStepTableCell.h */ = {isa = PBXFileReference; lastKnownFileType = sourcecode.c.h; path = MARCookStepTableCell.h; sourceTree = "<group>"; };
		5BFCE7191FE53F6900E86CCC /* MARCookStepTableCell.m */ = {isa = PBXFileReference; lastKnownFileType = sourcecode.c.objc; path = MARCookStepTableCell.m; sourceTree = "<group>"; };
		62A83676F16EBD22EFEE8754 /* Pods-maxiaoding.debug.xcconfig */ = {isa = PBXFileReference; includeInIndex = 1; lastKnownFileType = text.xcconfig; name = "Pods-maxiaoding.debug.xcconfig"; path = "Pods/Target Support Files/Pods-maxiaoding/Pods-maxiaoding.debug.xcconfig"; sourceTree = "<group>"; };
		6F38A26DCE334EB207EEDB8D /* libPods-maxiaoding.a */ = {isa = PBXFileReference; explicitFileType = archive.ar; includeInIndex = 0; path = "libPods-maxiaoding.a"; sourceTree = BUILT_PRODUCTS_DIR; };
		F54FA193DE0A4D5843643552 /* Pods-maxiaoding.release.xcconfig */ = {isa = PBXFileReference; includeInIndex = 1; lastKnownFileType = text.xcconfig; name = "Pods-maxiaoding.release.xcconfig"; path = "Pods/Target Support Files/Pods-maxiaoding/Pods-maxiaoding.release.xcconfig"; sourceTree = "<group>"; };
/* End PBXFileReference section */

/* Begin PBXFrameworksBuildPhase section */
		5B25F84C1FE0D2CA00E85884 /* Frameworks */ = {
			isa = PBXFrameworksBuildPhase;
			buildActionMask = 2147483647;
			files = (
				83F79CD1B5F4E42CC3A4A9E0 /* libPods-maxiaoding.a in Frameworks */,
			);
			runOnlyForDeploymentPostprocessing = 0;
		};
		5B25F8641FE0D2CA00E85884 /* Frameworks */ = {
			isa = PBXFrameworksBuildPhase;
			buildActionMask = 2147483647;
			files = (
			);
			runOnlyForDeploymentPostprocessing = 0;
		};
		5B25F86F1FE0D2CA00E85884 /* Frameworks */ = {
			isa = PBXFrameworksBuildPhase;
			buildActionMask = 2147483647;
			files = (
			);
			runOnlyForDeploymentPostprocessing = 0;
		};
/* End PBXFrameworksBuildPhase section */

/* Begin PBXGroup section */
		31AC40C9E48F76669A089217 /* Frameworks */ = {
			isa = PBXGroup;
			children = (
				6F38A26DCE334EB207EEDB8D /* libPods-maxiaoding.a */,
			);
			name = Frameworks;
			sourceTree = "<group>";
		};
		5B01CD5E1FF38D21003D2875 /* sms */ = {
			isa = PBXGroup;
			children = (
				5B01CD5F1FF38FAC003D2875 /* MARSMS.h */,
				5B01CD601FF38FAC003D2875 /* MARSMS.m */,
			);
			path = sms;
			sourceTree = "<group>";
		};
		5B029F091FE3C2C8008ED5CA /* category */ = {
			isa = PBXGroup;
			children = (
				5B029F0A1FE3C311008ED5CA /* UIViewController+MXD.h */,
				5B029F0B1FE3C311008ED5CA /* UIViewController+MXD.m */,
				5B029F481FE500C1008ED5CA /* UIImageView+SDWEBEXT.h */,
				5B029F491FE500C1008ED5CA /* UIImageView+SDWEBEXT.m */,
				5B933B301FE79998004C2038 /* UIViewController+MAREX.h */,
				5B933B311FE79998004C2038 /* UIViewController+MAREX.m */,
			);
			path = category;
			sourceTree = "<group>";
		};
		5B029F101FE3C83C008ED5CA /* homecustom */ = {
			isa = PBXGroup;
			children = (
				5B029F111FE3C83C008ED5CA /* controller */,
				5B029F121FE3C83C008ED5CA /* model */,
				5B029F131FE3C83C008ED5CA /* view */,
				5B029F151FE3C849008ED5CA /* test.storyboard */,
				5B029F251FE40330008ED5CA /* homecustome.storyboard */,
			);
			path = homecustom;
			sourceTree = "<group>";
		};
		5B029F111FE3C83C008ED5CA /* controller */ = {
			isa = PBXGroup;
			children = (
			);
			path = controller;
			sourceTree = "<group>";
		};
		5B029F121FE3C83C008ED5CA /* model */ = {
			isa = PBXGroup;
			children = (
			);
			path = model;
			sourceTree = "<group>";
		};
		5B029F131FE3C83C008ED5CA /* view */ = {
			isa = PBXGroup;
			children = (
				5B029F141FE3C83C008ED5CA /* cell */,
				5B029F221FE3D55E008ED5CA /* MARHomeTestVC.h */,
				5B029F231FE3D55E008ED5CA /* MARHomeTestVC.m */,
				5B029F271FE4043D008ED5CA /* MARHomeCustomVC.h */,
				5B029F281FE4043D008ED5CA /* MARHomeCustomVC.m */,
				5B029F291FE4043D008ED5CA /* MARHomeCustomVC.xib */,
			);
			path = view;
			sourceTree = "<group>";
		};
		5B029F141FE3C83C008ED5CA /* cell */ = {
			isa = PBXGroup;
			children = (
				5B933B431FE8F044004C2038 /* clockview */,
				5B029F1A1FE3CCA7008ED5CA /* MARHomeCustomTableCell.h */,
				5B029F1B1FE3CCA7008ED5CA /* MARHomeCustomTableCell.m */,
				5B029F1C1FE3CCA7008ED5CA /* MARHomeCustomTableCell.xib */,
				5B029F2F1FE41C1F008ED5CA /* MARHomeDateView.h */,
				5B029F301FE41C1F008ED5CA /* MARHomeDateView.m */,
				5B029F341FE421AB008ED5CA /* MARHomeDateView.xib */,
			);
			path = cell;
			sourceTree = "<group>";
		};
		5B25F8461FE0D2CA00E85884 = {
			isa = PBXGroup;
			children = (
				5B25F8511FE0D2CA00E85884 /* maxiaoding */,
				5B25F86A1FE0D2CA00E85884 /* maxiaodingTests */,
				5B25F8751FE0D2CA00E85884 /* maxiaodingUITests */,
				5B25F8501FE0D2CA00E85884 /* Products */,
				665DD05C9EEE5810E3C0563D /* Pods */,
				31AC40C9E48F76669A089217 /* Frameworks */,
			);
			sourceTree = "<group>";
		};
		5B25F8501FE0D2CA00E85884 /* Products */ = {
			isa = PBXGroup;
			children = (
				5B25F84F1FE0D2CA00E85884 /* maxiaoding.app */,
				5B25F8671FE0D2CA00E85884 /* maxiaodingTests.xctest */,
				5B25F8721FE0D2CA00E85884 /* maxiaodingUITests.xctest */,
			);
			name = Products;
			sourceTree = "<group>";
		};
		5B25F8511FE0D2CA00E85884 /* maxiaoding */ = {
			isa = PBXGroup;
			children = (
				5B933B5C1FE97048004C2038 /* resource */,
				5B25F8B11FE0F80500E85884 /* modules */,
				5B25F8B61FE0F80500E85884 /* utility */,
				5B25F8861FE0D79200E85884 /* Supporting Files */,
				5B25F8521FE0D2CA00E85884 /* AppDelegate.h */,
				5B25F8531FE0D2CA00E85884 /* AppDelegate.m */,
				5B25F8551FE0D2CA00E85884 /* ViewController.h */,
				5B25F8561FE0D2CA00E85884 /* ViewController.m */,
				5B25F8581FE0D2CA00E85884 /* Main.storyboard */,
				5B25F85B1FE0D2CA00E85884 /* Assets.xcassets */,
				5B25F85D1FE0D2CA00E85884 /* LaunchScreen.storyboard */,
			);
			path = maxiaoding;
			sourceTree = "<group>";
		};
		5B25F86A1FE0D2CA00E85884 /* maxiaodingTests */ = {
			isa = PBXGroup;
			children = (
				5B25F86B1FE0D2CA00E85884 /* maxiaodingTests.m */,
				5B25F86D1FE0D2CA00E85884 /* Info.plist */,
			);
			path = maxiaodingTests;
			sourceTree = "<group>";
		};
		5B25F8751FE0D2CA00E85884 /* maxiaodingUITests */ = {
			isa = PBXGroup;
			children = (
				5B25F8761FE0D2CA00E85884 /* maxiaodingUITests.m */,
				5B25F8781FE0D2CA00E85884 /* Info.plist */,
			);
			path = maxiaodingUITests;
			sourceTree = "<group>";
		};
		5B25F8861FE0D79200E85884 /* Supporting Files */ = {
			isa = PBXGroup;
			children = (
				5B25F8601FE0D2CA00E85884 /* Info.plist */,
				5B25F8611FE0D2CA00E85884 /* main.m */,
				5B25F8851FE0D6FF00E85884 /* maxiaoding-Prefix.pch */,
			);
			name = "Supporting Files";
			sourceTree = "<group>";
		};
		5B25F8B11FE0F80500E85884 /* modules */ = {
			isa = PBXGroup;
			children = (
				5B933B471FE9129D004C2038 /* tianxing */,
				5B933B331FE823A7004C2038 /* mine */,
				5B029F101FE3C83C008ED5CA /* homecustom */,
				5B25F8B21FE0F80500E85884 /* mob */,
			);
			path = modules;
			sourceTree = "<group>";
		};
		5B25F8B21FE0F80500E85884 /* mob */ = {
			isa = PBXGroup;
			children = (
				5B25F8B31FE0F80500E85884 /* controller */,
				5B25F8B41FE0F80500E85884 /* model */,
				5B25F8B51FE0F80500E85884 /* view */,
				5B25F8D21FE0F90A00E85884 /* mob.storyboard */,
				5B25F8EA1FE12B9000E85884 /* MARMobMenuVC.h */,
				5B25F8EB1FE12B9000E85884 /* MARMobMenuVC.m */,
				5B029EF41FE2654B008ED5CA /* mob_error.plist */,
				5B029F021FE2E016008ED5CA /* MARMobUtil.h */,
				5B029F031FE2E016008ED5CA /* MARMobUtil.m */,
			);
			path = mob;
			sourceTree = "<group>";
		};
		5B25F8B31FE0F80500E85884 /* controller */ = {
			isa = PBXGroup;
			children = (
			);
			path = controller;
			sourceTree = "<group>";
		};
		5B25F8B41FE0F80500E85884 /* model */ = {
			isa = PBXGroup;
			children = (
				5B25F8EE1FE17CD200E85884 /* mobmodel.h */,
				5B25F8F31FE17CD300E85884 /* MARLoadPageModel.h */,
				5B25F8F11FE17CD300E85884 /* MARLoadPageModel.m */,
				5B25F8ED1FE17CD200E85884 /* MARWXArticleCategoryModel.h */,
				5B25F8F01FE17CD300E85884 /* MARWXArticleCategoryModel.m */,
				5B25F8F21FE17CD300E85884 /* MARWXArticleModel.h */,
				5B25F8EF1FE17CD200E85884 /* MARWXArticleModel.m */,
				5B25F8F71FE17D2900E85884 /* MARHistoryDayModel.h */,
				5B25F8F81FE17D2900E85884 /* MARHistoryDayModel.m */,
				5B029EFC1FE2824C008ED5CA /* MARCarBrandModel.h */,
				5B029EFD1FE2824C008ED5CA /* MARCarBrandModel.m */,
				5B029F361FE42EBA008ED5CA /* MARMobCalendarModel.h */,
				5B029F371FE42EBA008ED5CA /* MARMobCalendarModel.m */,
				5B029F391FE4B5C2008ED5CA /* MARLaohuangliModel.h */,
				5B029F3A1FE4B5C2008ED5CA /* MARLaohuangliModel.m */,
				5B029F3C1FE4BA1A008ED5CA /* MARCookCategoryModel.h */,
				5B029F3D1FE4BA1A008ED5CA /* MARCookCategoryModel.m */,
			);
			path = model;
			sourceTree = "<group>";
		};
		5B25F8B51FE0F80500E85884 /* view */ = {
			isa = PBXGroup;
			children = (
				5B25F8D41FE0FA7A00E85884 /* cell */,
				5B25F8D81FE0FBCC00E85884 /* MARWXArticleCategoryVC.h */,
				5B25F8D91FE0FBCC00E85884 /* MARWXArticleCategoryVC.m */,
				5B25F8DE1FE1057800E85884 /* MARWXArticelListVC.h */,
				5B25F8DF1FE1057800E85884 /* MARWXArticelListVC.m */,
				5B25F8FA1FE17F9100E85884 /* MARHistoryDayViewController.h */,
				5B25F8FB1FE17F9100E85884 /* MARHistoryDayViewController.m */,
				5BB1D1571FE190EB0004396E /* MARHistoryDayDetailVC.h */,
				5BB1D1581FE190EB0004396E /* MARHistoryDayDetailVC.m */,
				5B029EF11FE25927008ED5CA /* MARPhoneNumberSettingVC.h */,
				5B029EF21FE25927008ED5CA /* MARPhoneNumberSettingVC.m */,
				5B029EF91FE28098008ED5CA /* MARCarBrandListVC.h */,
				5B029EFA1FE28098008ED5CA /* MARCarBrandListVC.m */,
				5B029EFF1FE2C317008ED5CA /* MARCarSeriesVC.h */,
				5B029F001FE2C317008ED5CA /* MARCarSeriesVC.m */,
				5B029F051FE2EB61008ED5CA /* MARCarDetailVC.h */,
				5B029F061FE2EB61008ED5CA /* MARCarDetailVC.m */,
				5B029F3F1FE4E3BE008ED5CA /* MARCookCategoryListVC.h */,
				5B029F401FE4E3BE008ED5CA /* MARCookCategoryListVC.m */,
				5B4805381FF29474000C9FD3 /* MARCookCategoryCollectionVC.h */,
				5B4805391FF29474000C9FD3 /* MARCookCategoryCollectionVC.m */,
				5B029F421FE4F124008ED5CA /* MARSearchCookVC.h */,
				5B029F431FE4F125008ED5CA /* MARSearchCookVC.m */,
				5BFCE7151FE5257000E86CCC /* MARCookDetailVC.h */,
				5BFCE7161FE5257000E86CCC /* MARCookDetailVC.m */,
			);
			path = view;
			sourceTree = "<group>";
		};
		5B25F8B61FE0F80500E85884 /* utility */ = {
			isa = PBXGroup;
			children = (
				5B01CD5E1FF38D21003D2875 /* sms */,
				5B4805321FF27B94000C9FD3 /* network */,
				5B933B291FE7679D004C2038 /* dataanalysis */,
				5B029F091FE3C2C8008ED5CA /* category */,
				5B25F8B71FE0F80500E85884 /* base */,
				5B25F8C21FE0F80500E85884 /* macro */,
			);
			path = utility;
			sourceTree = "<group>";
		};
		5B25F8B71FE0F80500E85884 /* base */ = {
			isa = PBXGroup;
			children = (
				5B25F9011FE188C300E85884 /* MARBaseDBModel.h */,
				5B25F9001FE188C200E85884 /* MARBaseDBModel.m */,
				5B25F8B81FE0F80500E85884 /* MARAppDelegate.h */,
				5B25F8B91FE0F80500E85884 /* MARAppDelegate.m */,
				5B933B601FE971EF004C2038 /* MAREmptyView.h */,
				5B933B611FE971EF004C2038 /* MAREmptyView.m */,
				5B25F8BC1FE0F80500E85884 /* MARBaseViewController.h */,
				5B25F8BD1FE0F80500E85884 /* MARBaseViewController.m */,
				5B25F8BE1FE0F80500E85884 /* MARNetworkManager.h */,
				5B25F8BF1FE0F80500E85884 /* MARNetworkManager.m */,
				5B25F8C01FE0F80500E85884 /* MARNetworkResponse.h */,
				5B25F8C11FE0F80500E85884 /* MARNetworkResponse.m */,
				5B25F8DB1FE1035A00E85884 /* MARWebViewController.h */,
				5B25F8DC1FE1035A00E85884 /* MARWebViewController.m */,
				5B029F2C1FE40E73008ED5CA /* MARGlobalModel.h */,
				5B029F2D1FE40E73008ED5CA /* MARGlobalModel.m */,
			);
			path = base;
			sourceTree = "<group>";
		};
		5B25F8C21FE0F80500E85884 /* macro */ = {
			isa = PBXGroup;
			children = (
				5B25F8C61FE0F80500E85884 /* macro.h */,
				5B25F8C31FE0F80500E85884 /* appkey.h */,
				5B25F8C41FE0F80500E85884 /* css.h */,
				5B25F8C51FE0F80500E85884 /* enum.h */,
				5B25F8C71FE0F80500E85884 /* notification.h */,
				5BC0F5731FE211DF004C62D4 /* userdefaultkey.h */,
				5B029F0D1FE3C3D3008ED5CA /* MARSBConstant.h */,
				5B029F0E1FE3C3D3008ED5CA /* MARSBConstant.m */,
			);
			path = macro;
			sourceTree = "<group>";
		};
		5B25F8D41FE0FA7A00E85884 /* cell */ = {
			isa = PBXGroup;
			children = (
				5B25F8D51FE0FABE00E85884 /* MARWXArticleCategoryCell.h */,
				5B25F8D61FE0FABE00E85884 /* MARWXArticleCategoryCell.m */,
				5B25F8E11FE1090B00E85884 /* MARWXArticleTabelCell.h */,
				5B25F8E21FE1090B00E85884 /* MARWXArticleTabelCell.m */,
				5B25F8FD1FE1808F00E85884 /* MARHistoryDayTableCell.h */,
				5B25F8FE1FE1808F00E85884 /* MARHistoryDayTableCell.m */,
				5BC0F5741FE2218E004C62D4 /* MARMonthDayView.h */,
				5BC0F5751FE2218E004C62D4 /* MARMonthDayView.m */,
				5B029F451FE4FE99008ED5CA /* MARCookInfoTableCell.h */,
				5B029F461FE4FE99008ED5CA /* MARCookInfoTableCell.m */,
				5BFCE7181FE53F6900E86CCC /* MARCookStepTableCell.h */,
				5BFCE7191FE53F6900E86CCC /* MARCookStepTableCell.m */,
				5B48053B1FF294E1000C9FD3 /* MARCookCategoryCollecitonCell.h */,
				5B48053C1FF294E1000C9FD3 /* MARCookCategoryCollecitonCell.m */,
				5B01CD511FF32922003D2875 /* MARTitleCollectionReuableView.h */,
				5B01CD521FF32922003D2875 /* MARTitleCollectionReuableView.m */,
				5B01CD531FF32922003D2875 /* MARTitleCollectionReuableView.xib */,
			);
			path = cell;
			sourceTree = "<group>";
		};
		5B4805321FF27B94000C9FD3 /* network */ = {
			isa = PBXGroup;
			children = (
				5BD1D2C81FF4E46600610DDE /* user */,
				5B4805351FF27BAE000C9FD3 /* MARBaseRequest.h */,
				5B4805361FF27BAE000C9FD3 /* MARBaseRequest.m */,
				5BD1D2CC1FF4E9D600610DDE /* request.h */,
			);
			path = network;
			sourceTree = "<group>";
		};
		5B4805331FF27B94000C9FD3 /* request */ = {
			isa = PBXGroup;
			children = (
				5BD1D2C91FF4E49C00610DDE /* MARRegisterUserR.h */,
				5BD1D2CA1FF4E49C00610DDE /* MARRegisterUserR.m */,
			);
			path = request;
			sourceTree = "<group>";
		};
		5B4805341FF27B94000C9FD3 /* response */ = {
			isa = PBXGroup;
			children = (
			);
			path = response;
			sourceTree = "<group>";
		};
		5B933B291FE7679D004C2038 /* dataanalysis */ = {
			isa = PBXGroup;
			children = (
				5B933B2A1FE767AD004C2038 /* MARDataAnalysis.h */,
				5B933B2B1FE767AD004C2038 /* MARDataAnalysis.m */,
			);
			path = dataanalysis;
			sourceTree = "<group>";
		};
		5B933B331FE823A7004C2038 /* mine */ = {
			isa = PBXGroup;
			children = (
				5B933B381FE823D4004C2038 /* controller */,
				5B933B391FE823D4004C2038 /* model */,
				5B933B361FE823D4004C2038 /* view */,
				5B933B341FE823B4004C2038 /* mine.storyboard */,
			);
			path = mine;
			sourceTree = "<group>";
		};
		5B933B361FE823D4004C2038 /* view */ = {
			isa = PBXGroup;
			children = (
				5B933B371FE823D4004C2038 /* cell */,
				5B933B3A1FE82421004C2038 /* MARMineVC.h */,
				5B933B3B1FE82421004C2038 /* MARMineVC.m */,
				5B933B3D1FE82674004C2038 /* MARSettingVC.h */,
				5B933B3E1FE82674004C2038 /* MARSettingVC.m */,
			);
			path = view;
			sourceTree = "<group>";
		};
		5B933B371FE823D4004C2038 /* cell */ = {
			isa = PBXGroup;
			children = (
			);
			path = cell;
			sourceTree = "<group>";
		};
		5B933B381FE823D4004C2038 /* controller */ = {
			isa = PBXGroup;
			children = (
			);
			path = controller;
			sourceTree = "<group>";
		};
		5B933B391FE823D4004C2038 /* model */ = {
			isa = PBXGroup;
			children = (
			);
			path = model;
			sourceTree = "<group>";
		};
		5B933B431FE8F044004C2038 /* clockview */ = {
			isa = PBXGroup;
			children = (
				5B933B401FE8EFEA004C2038 /* MARAnalogClockView.h */,
				5B933B411FE8EFEA004C2038 /* MARAnalogClockView.m */,
				5B933B441FE8F054004C2038 /* MARHand.h */,
				5B933B451FE8F054004C2038 /* MARHand.m */,
			);
			path = clockview;
			sourceTree = "<group>";
		};
		5B933B471FE9129D004C2038 /* tianxing */ = {
			isa = PBXGroup;
			children = (
				5B933B481FE9129D004C2038 /* controller */,
				5B933B491FE9129D004C2038 /* model */,
				5B933B4A1FE9129D004C2038 /* view */,
				5B933B4C1FE912A8004C2038 /* tianxing.storyboard */,
				5B933B4E1FE91327004C2038 /* MARTianxingMenuVC.h */,
				5B933B4F1FE91327004C2038 /* MARTianxingMenuVC.m */,
				5B933B591FE9485C004C2038 /* MARTianxingUtil.h */,
				5B933B5A1FE9485C004C2038 /* MARTianxingUtil.m */,
			);
			path = tianxing;
			sourceTree = "<group>";
		};
		5B933B481FE9129D004C2038 /* controller */ = {
			isa = PBXGroup;
			children = (
			);
			path = controller;
			sourceTree = "<group>";
		};
		5B933B491FE9129D004C2038 /* model */ = {
			isa = PBXGroup;
			children = (
				5B933B581FE940D6004C2038 /* tianxingmodel.h */,
				5B933B541FE94035004C2038 /* MARTXNewModel.h */,
				5B933B551FE94035004C2038 /* MARTXNewModel.m */,
			);
			path = model;
			sourceTree = "<group>";
		};
		5B933B4A1FE9129D004C2038 /* view */ = {
			isa = PBXGroup;
			children = (
				5B933B4B1FE9129D004C2038 /* cell */,
				5B933B511FE91711004C2038 /* MARTXNewsVC.h */,
				5B933B521FE91711004C2038 /* MARTXNewsVC.m */,
			);
			path = view;
			sourceTree = "<group>";
		};
		5B933B4B1FE9129D004C2038 /* cell */ = {
			isa = PBXGroup;
			children = (
			);
			path = cell;
			sourceTree = "<group>";
		};
		5B933B5C1FE97048004C2038 /* resource */ = {
			isa = PBXGroup;
			children = (
				5B933B5D1FE97059004C2038 /* img */,
			);
			path = resource;
			sourceTree = "<group>";
		};
		5B933B5D1FE97059004C2038 /* img */ = {
			isa = PBXGroup;
			children = (
				5B933B5E1FE9706E004C2038 /* images.xcassets */,
			);
			path = img;
			sourceTree = "<group>";
		};
		5BD1D2C81FF4E46600610DDE /* user */ = {
			isa = PBXGroup;
			children = (
				5B4805331FF27B94000C9FD3 /* request */,
				5B4805341FF27B94000C9FD3 /* response */,
			);
			path = user;
			sourceTree = "<group>";
		};
		665DD05C9EEE5810E3C0563D /* Pods */ = {
			isa = PBXGroup;
			children = (
				62A83676F16EBD22EFEE8754 /* Pods-maxiaoding.debug.xcconfig */,
				F54FA193DE0A4D5843643552 /* Pods-maxiaoding.release.xcconfig */,
			);
			name = Pods;
			sourceTree = "<group>";
		};
/* End PBXGroup section */

/* Begin PBXNativeTarget section */
		5B25F84E1FE0D2CA00E85884 /* maxiaoding */ = {
			isa = PBXNativeTarget;
			buildConfigurationList = 5B25F87B1FE0D2CA00E85884 /* Build configuration list for PBXNativeTarget "maxiaoding" */;
			buildPhases = (
				16AD03A21F52A400B0916FB8 /* [CP] Check Pods Manifest.lock */,
				5B25F84B1FE0D2CA00E85884 /* Sources */,
				5B25F84C1FE0D2CA00E85884 /* Frameworks */,
				5B25F84D1FE0D2CA00E85884 /* Resources */,
				7E1D026380398B5D98582CEF /* [CP] Embed Pods Frameworks */,
				27F4BD3FECC3D30D095A0BCB /* [CP] Copy Pods Resources */,
			);
			buildRules = (
			);
			dependencies = (
			);
			name = maxiaoding;
			productName = maxiaoding;
			productReference = 5B25F84F1FE0D2CA00E85884 /* maxiaoding.app */;
			productType = "com.apple.product-type.application";
		};
		5B25F8661FE0D2CA00E85884 /* maxiaodingTests */ = {
			isa = PBXNativeTarget;
			buildConfigurationList = 5B25F87E1FE0D2CA00E85884 /* Build configuration list for PBXNativeTarget "maxiaodingTests" */;
			buildPhases = (
				5B25F8631FE0D2CA00E85884 /* Sources */,
				5B25F8641FE0D2CA00E85884 /* Frameworks */,
				5B25F8651FE0D2CA00E85884 /* Resources */,
			);
			buildRules = (
			);
			dependencies = (
				5B25F8691FE0D2CA00E85884 /* PBXTargetDependency */,
			);
			name = maxiaodingTests;
			productName = maxiaodingTests;
			productReference = 5B25F8671FE0D2CA00E85884 /* maxiaodingTests.xctest */;
			productType = "com.apple.product-type.bundle.unit-test";
		};
		5B25F8711FE0D2CA00E85884 /* maxiaodingUITests */ = {
			isa = PBXNativeTarget;
			buildConfigurationList = 5B25F8811FE0D2CA00E85884 /* Build configuration list for PBXNativeTarget "maxiaodingUITests" */;
			buildPhases = (
				5B25F86E1FE0D2CA00E85884 /* Sources */,
				5B25F86F1FE0D2CA00E85884 /* Frameworks */,
				5B25F8701FE0D2CA00E85884 /* Resources */,
			);
			buildRules = (
			);
			dependencies = (
				5B25F8741FE0D2CA00E85884 /* PBXTargetDependency */,
			);
			name = maxiaodingUITests;
			productName = maxiaodingUITests;
			productReference = 5B25F8721FE0D2CA00E85884 /* maxiaodingUITests.xctest */;
			productType = "com.apple.product-type.bundle.ui-testing";
		};
/* End PBXNativeTarget section */

/* Begin PBXProject section */
		5B25F8471FE0D2CA00E85884 /* Project object */ = {
			isa = PBXProject;
			attributes = {
				LastUpgradeCheck = 0920;
				ORGANIZATIONNAME = MAIERSI;
				TargetAttributes = {
					5B25F84E1FE0D2CA00E85884 = {
						CreatedOnToolsVersion = 9.2;
						ProvisioningStyle = Automatic;
					};
					5B25F8661FE0D2CA00E85884 = {
						CreatedOnToolsVersion = 9.2;
						ProvisioningStyle = Automatic;
						TestTargetID = 5B25F84E1FE0D2CA00E85884;
					};
					5B25F8711FE0D2CA00E85884 = {
						CreatedOnToolsVersion = 9.2;
						ProvisioningStyle = Automatic;
						TestTargetID = 5B25F84E1FE0D2CA00E85884;
					};
				};
			};
			buildConfigurationList = 5B25F84A1FE0D2CA00E85884 /* Build configuration list for PBXProject "maxiaoding" */;
			compatibilityVersion = "Xcode 8.0";
			developmentRegion = en;
			hasScannedForEncodings = 0;
			knownRegions = (
				en,
				Base,
			);
			mainGroup = 5B25F8461FE0D2CA00E85884;
			productRefGroup = 5B25F8501FE0D2CA00E85884 /* Products */;
			projectDirPath = "";
			projectRoot = "";
			targets = (
				5B25F84E1FE0D2CA00E85884 /* maxiaoding */,
				5B25F8661FE0D2CA00E85884 /* maxiaodingTests */,
				5B25F8711FE0D2CA00E85884 /* maxiaodingUITests */,
			);
		};
/* End PBXProject section */

/* Begin PBXResourcesBuildPhase section */
		5B25F84D1FE0D2CA00E85884 /* Resources */ = {
			isa = PBXResourcesBuildPhase;
			buildActionMask = 2147483647;
			files = (
				5B029F1E1FE3CCA7008ED5CA /* MARHomeCustomTableCell.xib in Resources */,
				5B25F85F1FE0D2CA00E85884 /* LaunchScreen.storyboard in Resources */,
				5B933B5F1FE9706E004C2038 /* images.xcassets in Resources */,
				5B25F85C1FE0D2CA00E85884 /* Assets.xcassets in Resources */,
				5B933B351FE823B4004C2038 /* mine.storyboard in Resources */,
				5B029F2B1FE4043D008ED5CA /* MARHomeCustomVC.xib in Resources */,
				5B029F351FE421AB008ED5CA /* MARHomeDateView.xib in Resources */,
				5B25F85A1FE0D2CA00E85884 /* Main.storyboard in Resources */,
				5B029EF51FE2654B008ED5CA /* mob_error.plist in Resources */,
				5B933B4D1FE912A9004C2038 /* tianxing.storyboard in Resources */,
				5B029F161FE3C849008ED5CA /* test.storyboard in Resources */,
				5B01CD551FF32922003D2875 /* MARTitleCollectionReuableView.xib in Resources */,
				5B029F261FE40330008ED5CA /* homecustome.storyboard in Resources */,
				5B25F8D31FE0F90A00E85884 /* mob.storyboard in Resources */,
			);
			runOnlyForDeploymentPostprocessing = 0;
		};
		5B25F8651FE0D2CA00E85884 /* Resources */ = {
			isa = PBXResourcesBuildPhase;
			buildActionMask = 2147483647;
			files = (
			);
			runOnlyForDeploymentPostprocessing = 0;
		};
		5B25F8701FE0D2CA00E85884 /* Resources */ = {
			isa = PBXResourcesBuildPhase;
			buildActionMask = 2147483647;
			files = (
			);
			runOnlyForDeploymentPostprocessing = 0;
		};
/* End PBXResourcesBuildPhase section */

/* Begin PBXShellScriptBuildPhase section */
		16AD03A21F52A400B0916FB8 /* [CP] Check Pods Manifest.lock */ = {
			isa = PBXShellScriptBuildPhase;
			buildActionMask = 2147483647;
			files = (
			);
			inputPaths = (
			);
			name = "[CP] Check Pods Manifest.lock";
			outputPaths = (
			);
			runOnlyForDeploymentPostprocessing = 0;
			shellPath = /bin/sh;
			shellScript = "diff \"${PODS_ROOT}/../Podfile.lock\" \"${PODS_ROOT}/Manifest.lock\" > /dev/null\nif [ $? != 0 ] ; then\n    # print error to STDERR\n    echo \"error: The sandbox is not in sync with the Podfile.lock. Run 'pod install' or update your CocoaPods installation.\" >&2\n    exit 1\nfi\n";
			showEnvVarsInLog = 0;
		};
		27F4BD3FECC3D30D095A0BCB /* [CP] Copy Pods Resources */ = {
			isa = PBXShellScriptBuildPhase;
			buildActionMask = 2147483647;
			files = (
			);
			inputPaths = (
			);
			name = "[CP] Copy Pods Resources";
			outputPaths = (
			);
			runOnlyForDeploymentPostprocessing = 0;
			shellPath = /bin/sh;
			shellScript = "\"${SRCROOT}/Pods/Target Support Files/Pods-maxiaoding/Pods-maxiaoding-resources.sh\"\n";
			showEnvVarsInLog = 0;
		};
		7E1D026380398B5D98582CEF /* [CP] Embed Pods Frameworks */ = {
			isa = PBXShellScriptBuildPhase;
			buildActionMask = 2147483647;
			files = (
			);
			inputPaths = (
			);
			name = "[CP] Embed Pods Frameworks";
			outputPaths = (
			);
			runOnlyForDeploymentPostprocessing = 0;
			shellPath = /bin/sh;
			shellScript = "\"${SRCROOT}/Pods/Target Support Files/Pods-maxiaoding/Pods-maxiaoding-frameworks.sh\"\n";
			showEnvVarsInLog = 0;
		};
/* End PBXShellScriptBuildPhase section */

/* Begin PBXSourcesBuildPhase section */
		5B25F84B1FE0D2CA00E85884 /* Sources */ = {
			isa = PBXSourcesBuildPhase;
			buildActionMask = 2147483647;
			files = (
				5B25F8F41FE17CD300E85884 /* MARWXArticleModel.m in Sources */,
				5B25F9021FE188C300E85884 /* MARBaseDBModel.m in Sources */,
				5B933B501FE91327004C2038 /* MARTianxingMenuVC.m in Sources */,
				5B25F8F51FE17CD300E85884 /* MARWXArticleCategoryModel.m in Sources */,
				5B933B321FE79999004C2038 /* UIViewController+MAREX.m in Sources */,
				5B029EFE1FE2824C008ED5CA /* MARCarBrandModel.m in Sources */,
				5BC0F5761FE2218E004C62D4 /* MARMonthDayView.m in Sources */,
				5B25F8D01FE0F80500E85884 /* MARNetworkResponse.m in Sources */,
				5B933B3F1FE82674004C2038 /* MARSettingVC.m in Sources */,
				5BFCE71A1FE53F6900E86CCC /* MARCookStepTableCell.m in Sources */,
				5B029F041FE2E016008ED5CA /* MARMobUtil.m in Sources */,
				5B933B531FE91711004C2038 /* MARTXNewsVC.m in Sources */,
				5B029F4A1FE500C1008ED5CA /* UIImageView+SDWEBEXT.m in Sources */,
				5B029EF31FE25927008ED5CA /* MARPhoneNumberSettingVC.m in Sources */,
				5B25F8F61FE17CD300E85884 /* MARLoadPageModel.m in Sources */,
				5B01CD541FF32922003D2875 /* MARTitleCollectionReuableView.m in Sources */,
				5B029F471FE4FE99008ED5CA /* MARCookInfoTableCell.m in Sources */,
				5B4805371FF27BAE000C9FD3 /* MARBaseRequest.m in Sources */,
				5B029F1D1FE3CCA7008ED5CA /* MARHomeCustomTableCell.m in Sources */,
				5B933B561FE94035004C2038 /* MARTXNewModel.m in Sources */,
				5BFCE7171FE5257000E86CCC /* MARCookDetailVC.m in Sources */,
				5B029F3E1FE4BA1A008ED5CA /* MARCookCategoryModel.m in Sources */,
				5B25F8CF1FE0F80500E85884 /* MARNetworkManager.m in Sources */,
				5B25F8DD1FE1035A00E85884 /* MARWebViewController.m in Sources */,
				5BB1D1591FE190EB0004396E /* MARHistoryDayDetailVC.m in Sources */,
				5B029F2E1FE40E73008ED5CA /* MARGlobalModel.m in Sources */,
				5B029F3B1FE4B5C2008ED5CA /* MARLaohuangliModel.m in Sources */,
				5B029F311FE41C1F008ED5CA /* MARHomeDateView.m in Sources */,
				5BD1D2CB1FF4E49C00610DDE /* MARRegisterUserR.m in Sources */,
				5B029F411FE4E3BE008ED5CA /* MARCookCategoryListVC.m in Sources */,
				5B25F8571FE0D2CA00E85884 /* ViewController.m in Sources */,
				5B933B3C1FE82421004C2038 /* MARMineVC.m in Sources */,
				5B029EFB1FE28098008ED5CA /* MARCarBrandListVC.m in Sources */,
				5B48053D1FF294E1000C9FD3 /* MARCookCategoryCollecitonCell.m in Sources */,
				5B029F241FE3D55E008ED5CA /* MARHomeTestVC.m in Sources */,
				5B25F8FC1FE17F9100E85884 /* MARHistoryDayViewController.m in Sources */,
				5B25F8E01FE1057800E85884 /* MARWXArticelListVC.m in Sources */,
				5B25F8D71FE0FABE00E85884 /* MARWXArticleCategoryCell.m in Sources */,
				5B029F011FE2C317008ED5CA /* MARCarSeriesVC.m in Sources */,
				5B25F8621FE0D2CA00E85884 /* main.m in Sources */,
				5B029F2A1FE4043D008ED5CA /* MARHomeCustomVC.m in Sources */,
				5B25F8F91FE17D2900E85884 /* MARHistoryDayModel.m in Sources */,
				5B25F8EC1FE12B9000E85884 /* MARMobMenuVC.m in Sources */,
				5B25F8541FE0D2CA00E85884 /* AppDelegate.m in Sources */,
				5B933B5B1FE9485C004C2038 /* MARTianxingUtil.m in Sources */,
				5B25F8CE1FE0F80500E85884 /* MARBaseViewController.m in Sources */,
				5B01CD611FF38FAC003D2875 /* MARSMS.m in Sources */,
				5B933B621FE971EF004C2038 /* MAREmptyView.m in Sources */,
				5B029F0C1FE3C311008ED5CA /* UIViewController+MXD.m in Sources */,
				5B029F441FE4F125008ED5CA /* MARSearchCookVC.m in Sources */,
				5B933B2C1FE767AD004C2038 /* MARDataAnalysis.m in Sources */,
				5B25F8E31FE1090B00E85884 /* MARWXArticleTabelCell.m in Sources */,
				5B029F0F1FE3C3D3008ED5CA /* MARSBConstant.m in Sources */,
				5B933B461FE8F054004C2038 /* MARHand.m in Sources */,
				5B25F8CC1FE0F80500E85884 /* MARAppDelegate.m in Sources */,
				5B25F8DA1FE0FBCC00E85884 /* MARWXArticleCategoryVC.m in Sources */,
				5B48053A1FF29474000C9FD3 /* MARCookCategoryCollectionVC.m in Sources */,
				5B933B421FE8EFEA004C2038 /* MARAnalogClockView.m in Sources */,
				5B029F381FE42EBA008ED5CA /* MARMobCalendarModel.m in Sources */,
				5B029F071FE2EB61008ED5CA /* MARCarDetailVC.m in Sources */,
				5B25F8FF1FE1808F00E85884 /* MARHistoryDayTableCell.m in Sources */,
			);
			runOnlyForDeploymentPostprocessing = 0;
		};
		5B25F8631FE0D2CA00E85884 /* Sources */ = {
			isa = PBXSourcesBuildPhase;
			buildActionMask = 2147483647;
			files = (
				5B25F86C1FE0D2CA00E85884 /* maxiaodingTests.m in Sources */,
			);
			runOnlyForDeploymentPostprocessing = 0;
		};
		5B25F86E1FE0D2CA00E85884 /* Sources */ = {
			isa = PBXSourcesBuildPhase;
			buildActionMask = 2147483647;
			files = (
				5B25F8771FE0D2CA00E85884 /* maxiaodingUITests.m in Sources */,
			);
			runOnlyForDeploymentPostprocessing = 0;
		};
/* End PBXSourcesBuildPhase section */

/* Begin PBXTargetDependency section */
		5B25F8691FE0D2CA00E85884 /* PBXTargetDependency */ = {
			isa = PBXTargetDependency;
			target = 5B25F84E1FE0D2CA00E85884 /* maxiaoding */;
			targetProxy = 5B25F8681FE0D2CA00E85884 /* PBXContainerItemProxy */;
		};
		5B25F8741FE0D2CA00E85884 /* PBXTargetDependency */ = {
			isa = PBXTargetDependency;
			target = 5B25F84E1FE0D2CA00E85884 /* maxiaoding */;
			targetProxy = 5B25F8731FE0D2CA00E85884 /* PBXContainerItemProxy */;
		};
/* End PBXTargetDependency section */

/* Begin PBXVariantGroup section */
		5B25F8581FE0D2CA00E85884 /* Main.storyboard */ = {
			isa = PBXVariantGroup;
			children = (
				5B25F8591FE0D2CA00E85884 /* Base */,
			);
			name = Main.storyboard;
			sourceTree = "<group>";
		};
		5B25F85D1FE0D2CA00E85884 /* LaunchScreen.storyboard */ = {
			isa = PBXVariantGroup;
			children = (
				5B25F85E1FE0D2CA00E85884 /* Base */,
			);
			name = LaunchScreen.storyboard;
			sourceTree = "<group>";
		};
/* End PBXVariantGroup section */

/* Begin XCBuildConfiguration section */
		5B25F8791FE0D2CA00E85884 /* Debug */ = {
			isa = XCBuildConfiguration;
			buildSettings = {
				ALWAYS_SEARCH_USER_PATHS = NO;
				CLANG_ANALYZER_NONNULL = YES;
				CLANG_ANALYZER_NUMBER_OBJECT_CONVERSION = YES_AGGRESSIVE;
				CLANG_CXX_LANGUAGE_STANDARD = "gnu++14";
				CLANG_CXX_LIBRARY = "libc++";
				CLANG_ENABLE_MODULES = YES;
				CLANG_ENABLE_OBJC_ARC = YES;
				CLANG_WARN_BLOCK_CAPTURE_AUTORELEASING = YES;
				CLANG_WARN_BOOL_CONVERSION = YES;
				CLANG_WARN_COMMA = YES;
				CLANG_WARN_CONSTANT_CONVERSION = YES;
				CLANG_WARN_DIRECT_OBJC_ISA_USAGE = YES_ERROR;
				CLANG_WARN_DOCUMENTATION_COMMENTS = YES;
				CLANG_WARN_EMPTY_BODY = YES;
				CLANG_WARN_ENUM_CONVERSION = YES;
				CLANG_WARN_INFINITE_RECURSION = YES;
				CLANG_WARN_INT_CONVERSION = YES;
				CLANG_WARN_NON_LITERAL_NULL_CONVERSION = YES;
				CLANG_WARN_OBJC_LITERAL_CONVERSION = YES;
				CLANG_WARN_OBJC_ROOT_CLASS = YES_ERROR;
				CLANG_WARN_RANGE_LOOP_ANALYSIS = YES;
				CLANG_WARN_STRICT_PROTOTYPES = YES;
				CLANG_WARN_SUSPICIOUS_MOVE = YES;
				CLANG_WARN_UNGUARDED_AVAILABILITY = YES_AGGRESSIVE;
				CLANG_WARN_UNREACHABLE_CODE = YES;
				CLANG_WARN__DUPLICATE_METHOD_MATCH = YES;
				CODE_SIGN_IDENTITY = "iPhone Developer";
				COPY_PHASE_STRIP = NO;
				DEBUG_INFORMATION_FORMAT = dwarf;
				ENABLE_STRICT_OBJC_MSGSEND = YES;
				ENABLE_TESTABILITY = YES;
				GCC_C_LANGUAGE_STANDARD = gnu11;
				GCC_DYNAMIC_NO_PIC = NO;
				GCC_NO_COMMON_BLOCKS = YES;
				GCC_OPTIMIZATION_LEVEL = 0;
				GCC_PREPROCESSOR_DEFINITIONS = (
					"DEBUG=1",
					"$(inherited)",
				);
				GCC_WARN_64_TO_32_BIT_CONVERSION = YES;
				GCC_WARN_ABOUT_RETURN_TYPE = YES_ERROR;
				GCC_WARN_UNDECLARED_SELECTOR = YES;
				GCC_WARN_UNINITIALIZED_AUTOS = YES_AGGRESSIVE;
				GCC_WARN_UNUSED_FUNCTION = YES;
				GCC_WARN_UNUSED_VARIABLE = YES;
				IPHONEOS_DEPLOYMENT_TARGET = 11.2;
				MTL_ENABLE_DEBUG_INFO = YES;
				ONLY_ACTIVE_ARCH = YES;
				SDKROOT = iphoneos;
			};
			name = Debug;
		};
		5B25F87A1FE0D2CA00E85884 /* Release */ = {
			isa = XCBuildConfiguration;
			buildSettings = {
				ALWAYS_SEARCH_USER_PATHS = NO;
				CLANG_ANALYZER_NONNULL = YES;
				CLANG_ANALYZER_NUMBER_OBJECT_CONVERSION = YES_AGGRESSIVE;
				CLANG_CXX_LANGUAGE_STANDARD = "gnu++14";
				CLANG_CXX_LIBRARY = "libc++";
				CLANG_ENABLE_MODULES = YES;
				CLANG_ENABLE_OBJC_ARC = YES;
				CLANG_WARN_BLOCK_CAPTURE_AUTORELEASING = YES;
				CLANG_WARN_BOOL_CONVERSION = YES;
				CLANG_WARN_COMMA = YES;
				CLANG_WARN_CONSTANT_CONVERSION = YES;
				CLANG_WARN_DIRECT_OBJC_ISA_USAGE = YES_ERROR;
				CLANG_WARN_DOCUMENTATION_COMMENTS = YES;
				CLANG_WARN_EMPTY_BODY = YES;
				CLANG_WARN_ENUM_CONVERSION = YES;
				CLANG_WARN_INFINITE_RECURSION = YES;
				CLANG_WARN_INT_CONVERSION = YES;
				CLANG_WARN_NON_LITERAL_NULL_CONVERSION = YES;
				CLANG_WARN_OBJC_LITERAL_CONVERSION = YES;
				CLANG_WARN_OBJC_ROOT_CLASS = YES_ERROR;
				CLANG_WARN_RANGE_LOOP_ANALYSIS = YES;
				CLANG_WARN_STRICT_PROTOTYPES = YES;
				CLANG_WARN_SUSPICIOUS_MOVE = YES;
				CLANG_WARN_UNGUARDED_AVAILABILITY = YES_AGGRESSIVE;
				CLANG_WARN_UNREACHABLE_CODE = YES;
				CLANG_WARN__DUPLICATE_METHOD_MATCH = YES;
				CODE_SIGN_IDENTITY = "iPhone Developer";
				COPY_PHASE_STRIP = NO;
				DEBUG_INFORMATION_FORMAT = "dwarf-with-dsym";
				ENABLE_NS_ASSERTIONS = NO;
				ENABLE_STRICT_OBJC_MSGSEND = YES;
				GCC_C_LANGUAGE_STANDARD = gnu11;
				GCC_NO_COMMON_BLOCKS = YES;
				GCC_WARN_64_TO_32_BIT_CONVERSION = YES;
				GCC_WARN_ABOUT_RETURN_TYPE = YES_ERROR;
				GCC_WARN_UNDECLARED_SELECTOR = YES;
				GCC_WARN_UNINITIALIZED_AUTOS = YES_AGGRESSIVE;
				GCC_WARN_UNUSED_FUNCTION = YES;
				GCC_WARN_UNUSED_VARIABLE = YES;
				IPHONEOS_DEPLOYMENT_TARGET = 11.2;
				MTL_ENABLE_DEBUG_INFO = NO;
				SDKROOT = iphoneos;
				VALIDATE_PRODUCT = YES;
			};
			name = Release;
		};
		5B25F87C1FE0D2CA00E85884 /* Debug */ = {
			isa = XCBuildConfiguration;
			baseConfigurationReference = 62A83676F16EBD22EFEE8754 /* Pods-maxiaoding.debug.xcconfig */;
			buildSettings = {
				ASSETCATALOG_COMPILER_APPICON_NAME = AppIcon;
				CODE_SIGN_STYLE = Automatic;
				DEBUG_INFORMATION_FORMAT = "dwarf-with-dsym";
				DEVELOPMENT_TEAM = BVQ3L55FPQ;
				GCC_PREFIX_HEADER = "$(SRCROOT)/maxiaoding/maxiaoding-Prefix.pch";
				INFOPLIST_FILE = maxiaoding/Info.plist;
				IPHONEOS_DEPLOYMENT_TARGET = 8.0;
				LD_RUNPATH_SEARCH_PATHS = "$(inherited) @executable_path/Frameworks";
				PRODUCT_BUNDLE_IDENTIFIER = com.maiersi.maxiaoding;
				PRODUCT_NAME = "$(TARGET_NAME)";
				TARGETED_DEVICE_FAMILY = "1,2";
			};
			name = Debug;
		};
		5B25F87D1FE0D2CA00E85884 /* Release */ = {
			isa = XCBuildConfiguration;
			baseConfigurationReference = F54FA193DE0A4D5843643552 /* Pods-maxiaoding.release.xcconfig */;
			buildSettings = {
				ASSETCATALOG_COMPILER_APPICON_NAME = AppIcon;
				CODE_SIGN_STYLE = Automatic;
				DEBUG_INFORMATION_FORMAT = "dwarf-with-dsym";
				DEVELOPMENT_TEAM = BVQ3L55FPQ;
				GCC_PREFIX_HEADER = "$(SRCROOT)/maxiaoding/maxiaoding-Prefix.pch";
				INFOPLIST_FILE = maxiaoding/Info.plist;
				IPHONEOS_DEPLOYMENT_TARGET = 8.0;
				LD_RUNPATH_SEARCH_PATHS = "$(inherited) @executable_path/Frameworks";
				PRODUCT_BUNDLE_IDENTIFIER = com.maiersi.maxiaoding;
				PRODUCT_NAME = "$(TARGET_NAME)";
				TARGETED_DEVICE_FAMILY = "1,2";
			};
			name = Release;
		};
		5B25F87F1FE0D2CA00E85884 /* Debug */ = {
			isa = XCBuildConfiguration;
			buildSettings = {
				BUNDLE_LOADER = "$(TEST_HOST)";
				CODE_SIGN_STYLE = Automatic;
				INFOPLIST_FILE = maxiaodingTests/Info.plist;
				LD_RUNPATH_SEARCH_PATHS = "$(inherited) @executable_path/Frameworks @loader_path/Frameworks";
				PRODUCT_BUNDLE_IDENTIFIER = com.maiersi.maxiaodingTests;
				PRODUCT_NAME = "$(TARGET_NAME)";
				TARGETED_DEVICE_FAMILY = "1,2";
				TEST_HOST = "$(BUILT_PRODUCTS_DIR)/maxiaoding.app/maxiaoding";
			};
			name = Debug;
		};
		5B25F8801FE0D2CA00E85884 /* Release */ = {
			isa = XCBuildConfiguration;
			buildSettings = {
				BUNDLE_LOADER = "$(TEST_HOST)";
				CODE_SIGN_STYLE = Automatic;
				INFOPLIST_FILE = maxiaodingTests/Info.plist;
				LD_RUNPATH_SEARCH_PATHS = "$(inherited) @executable_path/Frameworks @loader_path/Frameworks";
				PRODUCT_BUNDLE_IDENTIFIER = com.maiersi.maxiaodingTests;
				PRODUCT_NAME = "$(TARGET_NAME)";
				TARGETED_DEVICE_FAMILY = "1,2";
				TEST_HOST = "$(BUILT_PRODUCTS_DIR)/maxiaoding.app/maxiaoding";
			};
			name = Release;
		};
		5B25F8821FE0D2CA00E85884 /* Debug */ = {
			isa = XCBuildConfiguration;
			buildSettings = {
				CODE_SIGN_STYLE = Automatic;
				INFOPLIST_FILE = maxiaodingUITests/Info.plist;
				LD_RUNPATH_SEARCH_PATHS = "$(inherited) @executable_path/Frameworks @loader_path/Frameworks";
				PRODUCT_BUNDLE_IDENTIFIER = com.maiersi.maxiaodingUITests;
				PRODUCT_NAME = "$(TARGET_NAME)";
				TARGETED_DEVICE_FAMILY = "1,2";
				TEST_TARGET_NAME = maxiaoding;
			};
			name = Debug;
		};
		5B25F8831FE0D2CA00E85884 /* Release */ = {
			isa = XCBuildConfiguration;
			buildSettings = {
				CODE_SIGN_STYLE = Automatic;
				INFOPLIST_FILE = maxiaodingUITests/Info.plist;
				LD_RUNPATH_SEARCH_PATHS = "$(inherited) @executable_path/Frameworks @loader_path/Frameworks";
				PRODUCT_BUNDLE_IDENTIFIER = com.maiersi.maxiaodingUITests;
				PRODUCT_NAME = "$(TARGET_NAME)";
				TARGETED_DEVICE_FAMILY = "1,2";
				TEST_TARGET_NAME = maxiaoding;
			};
			name = Release;
		};
/* End XCBuildConfiguration section */

/* Begin XCConfigurationList section */
		5B25F84A1FE0D2CA00E85884 /* Build configuration list for PBXProject "maxiaoding" */ = {
			isa = XCConfigurationList;
			buildConfigurations = (
				5B25F8791FE0D2CA00E85884 /* Debug */,
				5B25F87A1FE0D2CA00E85884 /* Release */,
			);
			defaultConfigurationIsVisible = 0;
			defaultConfigurationName = Release;
		};
		5B25F87B1FE0D2CA00E85884 /* Build configuration list for PBXNativeTarget "maxiaoding" */ = {
			isa = XCConfigurationList;
			buildConfigurations = (
				5B25F87C1FE0D2CA00E85884 /* Debug */,
				5B25F87D1FE0D2CA00E85884 /* Release */,
			);
			defaultConfigurationIsVisible = 0;
			defaultConfigurationName = Release;
		};
		5B25F87E1FE0D2CA00E85884 /* Build configuration list for PBXNativeTarget "maxiaodingTests" */ = {
			isa = XCConfigurationList;
			buildConfigurations = (
				5B25F87F1FE0D2CA00E85884 /* Debug */,
				5B25F8801FE0D2CA00E85884 /* Release */,
			);
			defaultConfigurationIsVisible = 0;
			defaultConfigurationName = Release;
		};
		5B25F8811FE0D2CA00E85884 /* Build configuration list for PBXNativeTarget "maxiaodingUITests" */ = {
			isa = XCConfigurationList;
			buildConfigurations = (
				5B25F8821FE0D2CA00E85884 /* Debug */,
				5B25F8831FE0D2CA00E85884 /* Release */,
			);
			defaultConfigurationIsVisible = 0;
			defaultConfigurationName = Release;
		};
/* End XCConfigurationList section */
	};
	rootObject = 5B25F8471FE0D2CA00E85884 /* Project object */;
}
